PODS:
  - AlgoliaSearch-Client-Swift (2.2.1):
    - AlgoliaSearch-Client-Swift/Online (= 2.2.1)
  - AlgoliaSearch-Client-Swift/Online (2.2.1)

DEPENDENCIES:
  - AlgoliaSearch-Client-Swift (from `.`)

EXTERNAL SOURCES:
  AlgoliaSearch-Client-Swift:
    :path: .

SPEC CHECKSUMS:
  AlgoliaSearch-Client-Swift: dbd054fa219f2693509a1bf95c45cdfd9d0011e7

PODFILE CHECKSUM: f02954261d42374a66b9eebb5b932a2ea93da4f9

COCOAPODS: 1.0.0.beta.2
