<?xml version="1.0" encoding="UTF-8"?>
<Scheme
   LastUpgradeVersion = "1010"
   version = "1.3">
   <BuildAction
      parallelizeBuildables = "YES"
      buildImplicitDependencies = "YES">
      <BuildActionEntries>
         <BuildActionEntry
            buildForTesting = "YES"
            buildForRunning = "YES"
            buildForProfiling = "YES"
            buildForArchiving = "YES"
            buildForAnalyzing = "YES">
            <BuildableReference
               BuildableIdentifier = "primary"
               BlueprintIdentifier = "3BF70D77E25ECDA12A8EC9A3"
               BuildableName = "Abtesting.framework"
               BlueprintName = "Abtesting"
               ReferencedContainer = "container:AlgoliaSearchClient.xcodeproj">
            </BuildableReference>
         </BuildActionEntry>
         <BuildActionEntry
            buildForTesting = "YES"
            buildForRunning = "YES"
            buildForProfiling = "YES"
            buildForArchiving = "YES"
            buildForAnalyzing = "YES">
            <BuildableReference
               BuildableIdentifier = "primary"
               BlueprintIdentifier = "BE1B4FE1BB2386397466E182"
               BuildableName = "AlgoliaCore.framework"
               BlueprintName = "AlgoliaCore"
               ReferencedContainer = "container:AlgoliaSearchClient.xcodeproj">
            </BuildableReference>
         </BuildActionEntry>
         <BuildActionEntry
            buildForTesting = "YES"
            buildForRunning = "YES"
            buildForProfiling = "YES"
            buildForArchiving = "YES"
            buildForAnalyzing = "YES">
            <BuildableReference
               BuildableIdentifier = "primary"
               BlueprintIdentifier = "4A3A7C0F478AB669CFF123A8"
               BuildableName = "AlgoliaSearchClient_Abtesting.bundle"
               BlueprintName = "AlgoliaSearchClient_Abtesting"
               ReferencedContainer = "container:AlgoliaSearchClient.xcodeproj">
            </BuildableReference>
         </BuildActionEntry>
         <BuildActionEntry
            buildForTesting = "YES"
            buildForRunning = "YES"
            buildForProfiling = "YES"
            buildForArchiving = "YES"
            buildForAnalyzing = "YES">
            <BuildableReference
               BuildableIdentifier = "primary"
               BlueprintIdentifier = "DE241CD855079366E93EEACF"
               BuildableName = "AlgoliaSearchClient_Analytics.bundle"
               BlueprintName = "AlgoliaSearchClient_Analytics"
               ReferencedContainer = "container:AlgoliaSearchClient.xcodeproj">
            </BuildableReference>
         </BuildActionEntry>
         <BuildActionEntry
            buildForTesting = "YES"
            buildForRunning = "YES"
            buildForProfiling = "YES"
            buildForArchiving = "YES"
            buildForAnalyzing = "YES">
            <BuildableReference
               BuildableIdentifier = "primary"
               BlueprintIdentifier = "43C9F8803A28AA6901E53005"
               BuildableName = "AlgoliaSearchClient_Ingestion.bundle"
               BlueprintName = "AlgoliaSearchClient_Ingestion"
               ReferencedContainer = "container:AlgoliaSearchClient.xcodeproj">
            </BuildableReference>
         </BuildActionEntry>
         <BuildActionEntry
            buildForTesting = "YES"
            buildForRunning = "YES"
            buildForProfiling = "YES"
            buildForArchiving = "YES"
            buildForAnalyzing = "YES">
            <BuildableReference
               BuildableIdentifier = "primary"
               BlueprintIdentifier = "49EE24AAE8B36F01F7DFF35E"
               BuildableName = "AlgoliaSearchClient_Insights.bundle"
               BlueprintName = "AlgoliaSearchClient_Insights"
               ReferencedContainer = "container:AlgoliaSearchClient.xcodeproj">
            </BuildableReference>
         </BuildActionEntry>
         <BuildActionEntry
            buildForTesting = "YES"
            buildForRunning = "YES"
            buildForProfiling = "YES"
            buildForArchiving = "YES"
            buildForAnalyzing = "YES">
            <BuildableReference
               BuildableIdentifier = "primary"
               BlueprintIdentifier = "87E5CE6502A8E185699BC7FD"
               BuildableName = "AlgoliaSearchClient_Monitoring.bundle"
               BlueprintName = "AlgoliaSearchClient_Monitoring"
               ReferencedContainer = "container:AlgoliaSearchClient.xcodeproj">
            </BuildableReference>
         </BuildActionEntry>
         <BuildActionEntry
            buildForTesting = "YES"
            buildForRunning = "YES"
            buildForProfiling = "YES"
            buildForArchiving = "YES"
            buildForAnalyzing = "YES">
            <BuildableReference
               BuildableIdentifier = "primary"
               BlueprintIdentifier = "FA7EC5688B67DA415BDADB05"
               BuildableName = "AlgoliaSearchClient_Personalization.bundle"
               BlueprintName = "AlgoliaSearchClient_Personalization"
               ReferencedContainer = "container:AlgoliaSearchClient.xcodeproj">
            </BuildableReference>
         </BuildActionEntry>
         <BuildActionEntry
            buildForTesting = "YES"
            buildForRunning = "YES"
            buildForProfiling = "YES"
            buildForArchiving = "YES"
            buildForAnalyzing = "YES">
            <BuildableReference
               BuildableIdentifier = "primary"
               BlueprintIdentifier = "E32D338A51EFD327D59ED82A"
               BuildableName = "AlgoliaSearchClient_QuerySuggestions.bundle"
               BlueprintName = "AlgoliaSearchClient_QuerySuggestions"
               ReferencedContainer = "container:AlgoliaSearchClient.xcodeproj">
            </BuildableReference>
         </BuildActionEntry>
         <BuildActionEntry
            buildForTesting = "YES"
            buildForRunning = "YES"
            buildForProfiling = "YES"
            buildForArchiving = "YES"
            buildForAnalyzing = "YES">
            <BuildableReference
               BuildableIdentifier = "primary"
               BlueprintIdentifier = "0C72294CE882F91445F70714"
               BuildableName = "AlgoliaSearchClient_Recommend.bundle"
               BlueprintName = "AlgoliaSearchClient_Recommend"
               ReferencedContainer = "container:AlgoliaSearchClient.xcodeproj">
            </BuildableReference>
         </BuildActionEntry>
         <BuildActionEntry
            buildForTesting = "YES"
            buildForRunning = "YES"
            buildForProfiling = "YES"
            buildForArchiving = "YES"
            buildForAnalyzing = "YES">
            <BuildableReference
               BuildableIdentifier = "primary"
               BlueprintIdentifier = "1772E4F91EE3A89CF541151E"
               BuildableName = "AlgoliaSearchClient_Search.bundle"
               BlueprintName = "AlgoliaSearchClient_Search"
               ReferencedContainer = "container:AlgoliaSearchClient.xcodeproj">
            </BuildableReference>
         </BuildActionEntry>
         <BuildActionEntry
            buildForTesting = "YES"
            buildForRunning = "YES"
            buildForProfiling = "YES"
            buildForArchiving = "YES"
            buildForAnalyzing = "YES">
            <BuildableReference
               BuildableIdentifier = "primary"
               BlueprintIdentifier = "4CF96DA2F349C3C5A2351D00"
               BuildableName = "Analytics.framework"
               BlueprintName = "Analytics"
               ReferencedContainer = "container:AlgoliaSearchClient.xcodeproj">
            </BuildableReference>
         </BuildActionEntry>
         <BuildActionEntry
            buildForTesting = "YES"
            buildForRunning = "YES"
            buildForProfiling = "YES"
            buildForArchiving = "YES"
            buildForAnalyzing = "YES">
            <BuildableReference
               BuildableIdentifier = "primary"
               BlueprintIdentifier = "21CB517722C7F41246979025"
               BuildableName = "Ingestion.framework"
               BlueprintName = "Ingestion"
               ReferencedContainer = "container:AlgoliaSearchClient.xcodeproj">
            </BuildableReference>
         </BuildActionEntry>
         <BuildActionEntry
            buildForTesting = "YES"
            buildForRunning = "YES"
            buildForProfiling = "YES"
            buildForArchiving = "YES"
            buildForAnalyzing = "YES">
            <BuildableReference
               BuildableIdentifier = "primary"
               BlueprintIdentifier = "B474FC6C3955249C9CD09E46"
               BuildableName = "Insights.framework"
               BlueprintName = "Insights"
               ReferencedContainer = "container:AlgoliaSearchClient.xcodeproj">
            </BuildableReference>
         </BuildActionEntry>
         <BuildActionEntry
            buildForTesting = "YES"
            buildForRunning = "YES"
            buildForProfiling = "YES"
            buildForArchiving = "YES"
            buildForAnalyzing = "YES">
            <BuildableReference
               BuildableIdentifier = "primary"
               BlueprintIdentifier = "E20FC48DACE4ACD14C6C4867"
               BuildableName = "Monitoring.framework"
               BlueprintName = "Monitoring"
               ReferencedContainer = "container:AlgoliaSearchClient.xcodeproj">
            </BuildableReference>
         </BuildActionEntry>
         <BuildActionEntry
            buildForTesting = "YES"
            buildForRunning = "YES"
            buildForProfiling = "YES"
            buildForArchiving = "YES"
            buildForAnalyzing = "YES">
            <BuildableReference
               BuildableIdentifier = "primary"
               BlueprintIdentifier = "BAF9C16C0E350782FB0F3D2C"
               BuildableName = "Personalization.framework"
               BlueprintName = "Personalization"
               ReferencedContainer = "container:AlgoliaSearchClient.xcodeproj">
            </BuildableReference>
         </BuildActionEntry>
         <BuildActionEntry
            buildForTesting = "YES"
            buildForRunning = "YES"
            buildForProfiling = "YES"
            buildForArchiving = "YES"
            buildForAnalyzing = "YES">
            <BuildableReference
               BuildableIdentifier = "primary"
               BlueprintIdentifier = "0D9987B414943888DCDFBD6B"
               BuildableName = "QuerySuggestions.framework"
               BlueprintName = "QuerySuggestions"
               ReferencedContainer = "container:AlgoliaSearchClient.xcodeproj">
            </BuildableReference>
         </BuildActionEntry>
         <BuildActionEntry
            buildForTesting = "YES"
            buildForRunning = "YES"
            buildForProfiling = "YES"
            buildForArchiving = "YES"
            buildForAnalyzing = "YES">
            <BuildableReference
               BuildableIdentifier = "primary"
               BlueprintIdentifier = "A21B1592F2C62DF1A2BF9885"
               BuildableName = "Recommend.framework"
               BlueprintName = "Recommend"
               ReferencedContainer = "container:AlgoliaSearchClient.xcodeproj">
            </BuildableReference>
         </BuildActionEntry>
         <BuildActionEntry
            buildForTesting = "YES"
            buildForRunning = "YES"
            buildForProfiling = "YES"
            buildForArchiving = "YES"
            buildForAnalyzing = "YES">
            <BuildableReference
               BuildableIdentifier = "primary"
               BlueprintIdentifier = "1E8E41757BB1702BE4AEEAA8"
               BuildableName = "Search.framework"
               BlueprintName = "Search"
               ReferencedContainer = "container:AlgoliaSearchClient.xcodeproj">
            </BuildableReference>
         </BuildActionEntry>
      </BuildActionEntries>
   </BuildAction>
   <TestAction
      buildConfiguration = "Debug"
      selectedDebuggerIdentifier = "Xcode.DebuggerFoundation.Debugger.LLDB"
      selectedLauncherIdentifier = "Xcode.DebuggerFoundation.Launcher.LLDB"
      shouldUseLaunchSchemeArgsEnv = "YES">
      <Testables>
      </Testables>
   </TestAction>
   <LaunchAction
      buildConfiguration = "Debug"
      selectedDebuggerIdentifier = "Xcode.DebuggerFoundation.Debugger.LLDB"
      selectedLauncherIdentifier = "Xcode.DebuggerFoundation.Launcher.LLDB"
      launchStyle = "0"
      useCustomWorkingDirectory = "NO"
      ignoresPersistentStateOnLaunch = "NO"
      debugDocumentVersioning = "YES"
      debugServiceExtension = "internal"
      allowLocationSimulation = "YES">
      <MacroExpansion>
         <BuildableReference
            BuildableIdentifier = "primary"
            BlueprintIdentifier = "3BF70D77E25ECDA12A8EC9A3"
            BuildableName = "Abtesting.framework"
            BlueprintName = "Abtesting"
            ReferencedContainer = "container:AlgoliaSearchClient.xcodeproj">
         </BuildableReference>
      </MacroExpansion>
   </LaunchAction>
   <ProfileAction
      buildConfiguration = "Release"
      shouldUseLaunchSchemeArgsEnv = "YES"
      savedToolIdentifier = ""
      useCustomWorkingDirectory = "NO"
      debugDocumentVersioning = "YES">
      <MacroExpansion>
         <BuildableReference
            BuildableIdentifier = "primary"
            BlueprintIdentifier = "3BF70D77E25ECDA12A8EC9A3"
            BuildableName = "Abtesting.framework"
            BlueprintName = "Abtesting"
            ReferencedContainer = "container:AlgoliaSearchClient.xcodeproj">
         </BuildableReference>
      </MacroExpansion>
   </ProfileAction>
   <AnalyzeAction
      buildConfiguration = "Debug">
   </AnalyzeAction>
   <ArchiveAction
      buildConfiguration = "Release"
      revealArchiveInOrganizer = "YES">
   </ArchiveAction>
</Scheme>
