// !$*UTF8*$!
{
	archiveVersion = 1;
	classes = {
	};
	objectVersion = 46;
	objects = {

/* Begin PBXBuildFile section */
		3A11AC4EE771A46C306173F7 /* Pods_AlgoliaSearch_Offline_iOS_Tests.framework in Frameworks */ = {isa = PBXBuildFile; fileRef = F52EEAD0E1031BA77193C0AF /* Pods_AlgoliaSearch_Offline_iOS_Tests.framework */; };
		5D09E1DC1AC0773A00B799A6 /* Network.swift in Sources */ = {isa = PBXBuildFile; fileRef = 5D09E1DB1AC0773A00B799A6 /* Network.swift */; };
		5D09E1DD1AC0773A00B799A6 /* Network.swift in Sources */ = {isa = PBXBuildFile; fileRef = 5D09E1DB1AC0773A00B799A6 /* Network.swift */; };
		5D44D0271B362648008369AC /* Helpers.swift in Sources */ = {isa = PBXBuildFile; fileRef = 5D44D0261B362648008369AC /* Helpers.swift */; };
		5D44D0281B362648008369AC /* Helpers.swift in Sources */ = {isa = PBXBuildFile; fileRef = 5D44D0261B362648008369AC /* Helpers.swift */; };
		5D67400F1B4AA22600B326EC /* Cache.swift in Sources */ = {isa = PBXBuildFile; fileRef = 5D67400E1B4AA22600B326EC /* Cache.swift */; };
		5D6740101B4AA22600B326EC /* Cache.swift in Sources */ = {isa = PBXBuildFile; fileRef = 5D67400E1B4AA22600B326EC /* Cache.swift */; };
		5D74958A1A8E25A600B0263F /* AlgoliaSearch.framework in Frameworks */ = {isa = PBXBuildFile; fileRef = 5D74957E1A8E25A600B0263F /* AlgoliaSearch.framework */; };
		5D7495A11A8E277400B0263F /* Helpers.swift in Sources */ = {isa = PBXBuildFile; fileRef = 5D74959F1A8E277400B0263F /* Helpers.swift */; };
		5D7495A21A8E277400B0263F /* Client.swift in Sources */ = {isa = PBXBuildFile; fileRef = 5D7495A01A8E277400B0263F /* Client.swift */; };
		5D7495A71A8E499B00B0263F /* Query.swift in Sources */ = {isa = PBXBuildFile; fileRef = 5D7495A61A8E499B00B0263F /* Query.swift */; };
		5D8FFA381AAB08830078869E /* ClientTests.swift in Sources */ = {isa = PBXBuildFile; fileRef = 5D8FFA371AAB08830078869E /* ClientTests.swift */; };
		5D8FFA3A1AAB0AB80078869E /* IndexTests.swift in Sources */ = {isa = PBXBuildFile; fileRef = 5D8FFA391AAB0AB80078869E /* IndexTests.swift */; };
		5DB251481AAD9EE400945339 /* AlgoliaSearch.framework in Frameworks */ = {isa = PBXBuildFile; fileRef = 5DB2513D1AAD9EE300945339 /* AlgoliaSearch.framework */; };
		5DB251581AAD9F2700945339 /* Client.swift in Sources */ = {isa = PBXBuildFile; fileRef = 5D7495A01A8E277400B0263F /* Client.swift */; };
		5DB251591AAD9F2A00945339 /* Query.swift in Sources */ = {isa = PBXBuildFile; fileRef = 5D7495A61A8E499B00B0263F /* Query.swift */; };
		5DB2515A1AAD9F2D00945339 /* Index.swift in Sources */ = {isa = PBXBuildFile; fileRef = 5DECA2D91A960BC5001A6088 /* Index.swift */; };
		5DB2515C1AAD9F3300945339 /* Helpers.swift in Sources */ = {isa = PBXBuildFile; fileRef = 5D74959F1A8E277400B0263F /* Helpers.swift */; };
		5DB2515D1AAD9F3B00945339 /* IndexTests.swift in Sources */ = {isa = PBXBuildFile; fileRef = 5D8FFA391AAB0AB80078869E /* IndexTests.swift */; };
		5DB2515E1AAD9F3F00945339 /* ClientTests.swift in Sources */ = {isa = PBXBuildFile; fileRef = 5D8FFA371AAB08830078869E /* ClientTests.swift */; };
		5DECA2DA1A960BC5001A6088 /* Index.swift in Sources */ = {isa = PBXBuildFile; fileRef = 5DECA2D91A960BC5001A6088 /* Index.swift */; };
		88FD5E84BE34111D1B284BE0 /* Pods_AlgoliaSearch_Offline_iOS.framework in Frameworks */ = {isa = PBXBuildFile; fileRef = 62AD92C0BDA001803B5786C0 /* Pods_AlgoliaSearch_Offline_iOS.framework */; };
		BC01E66D1CA43CEE0067670B /* Request.swift in Sources */ = {isa = PBXBuildFile; fileRef = BC01E66C1CA43CEE0067670B /* Request.swift */; };
		BC01E66E1CA43CEE0067670B /* Request.swift in Sources */ = {isa = PBXBuildFile; fileRef = BC01E66C1CA43CEE0067670B /* Request.swift */; };
		BC09F7771CAE743900ABB395 /* BrowseIterator.swift in Sources */ = {isa = PBXBuildFile; fileRef = BC09F7761CAE743900ABB395 /* BrowseIterator.swift */; };
		BC09F7781CAE743900ABB395 /* BrowseIterator.swift in Sources */ = {isa = PBXBuildFile; fileRef = BC09F7761CAE743900ABB395 /* BrowseIterator.swift */; };
		BC09F77C1CAE80B200ABB395 /* BrowseIteratorTests.swift in Sources */ = {isa = PBXBuildFile; fileRef = BC09F7791CAE7FDF00ABB395 /* BrowseIteratorTests.swift */; };
		BC09F77D1CAE80B300ABB395 /* BrowseIteratorTests.swift in Sources */ = {isa = PBXBuildFile; fileRef = BC09F7791CAE7FDF00ABB395 /* BrowseIteratorTests.swift */; };
		BC0A015A1C9BEDB200CD4A7C /* Error.swift in Sources */ = {isa = PBXBuildFile; fileRef = BC0A01591C9BEDB200CD4A7C /* Error.swift */; };
		BC0A015B1C9BEDB200CD4A7C /* Error.swift in Sources */ = {isa = PBXBuildFile; fileRef = BC0A01591C9BEDB200CD4A7C /* Error.swift */; };
		BC0A01641C9C19CD00CD4A7C /* QueryTests.swift in Sources */ = {isa = PBXBuildFile; fileRef = BC0A01631C9C19CD00CD4A7C /* QueryTests.swift */; };
		BC0A01651C9C19CD00CD4A7C /* QueryTests.swift in Sources */ = {isa = PBXBuildFile; fileRef = BC0A01631C9C19CD00CD4A7C /* QueryTests.swift */; };
		BC15FAC11E01C041005E3B56 /* NetworkReachability.swift in Sources */ = {isa = PBXBuildFile; fileRef = BC15FAC01E01C041005E3B56 /* NetworkReachability.swift */; };
		BC23A6F41D63541500DF9034 /* AsyncOperation.swift in Sources */ = {isa = PBXBuildFile; fileRef = BC4A7F381CB5308100AF1DCB /* AsyncOperation.swift */; };
		BC23A6F51D63541500DF9034 /* Cache.swift in Sources */ = {isa = PBXBuildFile; fileRef = 5D67400E1B4AA22600B326EC /* Cache.swift */; };
		BC23A6F61D63541500DF9034 /* Client.swift in Sources */ = {isa = PBXBuildFile; fileRef = 5D7495A01A8E277400B0263F /* Client.swift */; };
		BC23A6F71D63541500DF9034 /* Error.swift in Sources */ = {isa = PBXBuildFile; fileRef = BC0A01591C9BEDB200CD4A7C /* Error.swift */; };
		BC23A6F81D63541500DF9034 /* Helpers.swift in Sources */ = {isa = PBXBuildFile; fileRef = 5D74959F1A8E277400B0263F /* Helpers.swift */; };
		BC23A6F91D63541500DF9034 /* Index.swift in Sources */ = {isa = PBXBuildFile; fileRef = 5DECA2D91A960BC5001A6088 /* Index.swift */; };
		BC23A6FA1D63541500DF9034 /* IndexQuery.swift in Sources */ = {isa = PBXBuildFile; fileRef = BC68BC561CB69776007F9655 /* IndexQuery.swift */; };
		BC23A6FB1D63541500DF9034 /* Network.swift in Sources */ = {isa = PBXBuildFile; fileRef = 5D09E1DB1AC0773A00B799A6 /* Network.swift */; };
		BC23A6FC1D63541500DF9034 /* Query.swift in Sources */ = {isa = PBXBuildFile; fileRef = 5D7495A61A8E499B00B0263F /* Query.swift */; };
		BC23A6FD1D63541500DF9034 /* Request.swift in Sources */ = {isa = PBXBuildFile; fileRef = BC01E66C1CA43CEE0067670B /* Request.swift */; };
		BC23A6FE1D63541B00DF9034 /* BrowseIterator.swift in Sources */ = {isa = PBXBuildFile; fileRef = BC09F7761CAE743900ABB395 /* BrowseIterator.swift */; };
		BC28C4D71E5B5A0E00EFC4A0 /* Searchable.swift in Sources */ = {isa = PBXBuildFile; fileRef = BC28C4D61E5B5A0E00EFC4A0 /* Searchable.swift */; };
		BC28C4D81E5B5A0E00EFC4A0 /* Searchable.swift in Sources */ = {isa = PBXBuildFile; fileRef = BC28C4D61E5B5A0E00EFC4A0 /* Searchable.swift */; };
		BC28C4D91E5B5A0E00EFC4A0 /* Searchable.swift in Sources */ = {isa = PBXBuildFile; fileRef = BC28C4D61E5B5A0E00EFC4A0 /* Searchable.swift */; };
		BC28C4DA1E5B5A0E00EFC4A0 /* Searchable.swift in Sources */ = {isa = PBXBuildFile; fileRef = BC28C4D61E5B5A0E00EFC4A0 /* Searchable.swift */; };
		BC28C4DB1E5B5A0E00EFC4A0 /* Searchable.swift in Sources */ = {isa = PBXBuildFile; fileRef = BC28C4D61E5B5A0E00EFC4A0 /* Searchable.swift */; };
		BC3DC7521E02DD7900862F5B /* NetworkReachability.swift in Sources */ = {isa = PBXBuildFile; fileRef = BC15FAC01E01C041005E3B56 /* NetworkReachability.swift */; };
		BC3DC7531E02DD7A00862F5B /* NetworkReachability.swift in Sources */ = {isa = PBXBuildFile; fileRef = BC15FAC01E01C041005E3B56 /* NetworkReachability.swift */; };
		BC3DC7541E02DD7B00862F5B /* NetworkReachability.swift in Sources */ = {isa = PBXBuildFile; fileRef = BC15FAC01E01C041005E3B56 /* NetworkReachability.swift */; };
		BC4A7F391CB5308100AF1DCB /* AsyncOperation.swift in Sources */ = {isa = PBXBuildFile; fileRef = BC4A7F381CB5308100AF1DCB /* AsyncOperation.swift */; };
		BC4A7F3A1CB5308100AF1DCB /* AsyncOperation.swift in Sources */ = {isa = PBXBuildFile; fileRef = BC4A7F381CB5308100AF1DCB /* AsyncOperation.swift */; };
		BC4A7F3C1CB5373E00AF1DCB /* CancelTests.swift in Sources */ = {isa = PBXBuildFile; fileRef = BC4A7F3B1CB5373E00AF1DCB /* CancelTests.swift */; };
		BC4A7F3D1CB5373E00AF1DCB /* CancelTests.swift in Sources */ = {isa = PBXBuildFile; fileRef = BC4A7F3B1CB5373E00AF1DCB /* CancelTests.swift */; };
		BC4BD2821D54E48900170ECC /* Error.swift in Sources */ = {isa = PBXBuildFile; fileRef = BC0A01591C9BEDB200CD4A7C /* Error.swift */; };
		BC4BD2831D54E48900170ECC /* IndexQuery.swift in Sources */ = {isa = PBXBuildFile; fileRef = BC68BC561CB69776007F9655 /* IndexQuery.swift */; };
		BC4BD2841D54E48900170ECC /* Cache.swift in Sources */ = {isa = PBXBuildFile; fileRef = 5D67400E1B4AA22600B326EC /* Cache.swift */; };
		BC4BD2851D54E48900170ECC /* AsyncOperation.swift in Sources */ = {isa = PBXBuildFile; fileRef = BC4A7F381CB5308100AF1DCB /* AsyncOperation.swift */; };
		BC4BD2861D54E48900170ECC /* Helpers.swift in Sources */ = {isa = PBXBuildFile; fileRef = 5D74959F1A8E277400B0263F /* Helpers.swift */; };
		BC4BD2871D54E48900170ECC /* Query.swift in Sources */ = {isa = PBXBuildFile; fileRef = 5D7495A61A8E499B00B0263F /* Query.swift */; };
		BC4BD2881D54E48900170ECC /* Network.swift in Sources */ = {isa = PBXBuildFile; fileRef = 5D09E1DB1AC0773A00B799A6 /* Network.swift */; };
		BC4BD2891D54E48900170ECC /* Client.swift in Sources */ = {isa = PBXBuildFile; fileRef = 5D7495A01A8E277400B0263F /* Client.swift */; };
		BC4BD28A1D54E48900170ECC /* Index.swift in Sources */ = {isa = PBXBuildFile; fileRef = 5DECA2D91A960BC5001A6088 /* Index.swift */; };
		BC4BD28B1D54E48900170ECC /* Request.swift in Sources */ = {isa = PBXBuildFile; fileRef = BC01E66C1CA43CEE0067670B /* Request.swift */; };
		BC4BD28C1D54E48900170ECC /* BrowseIterator.swift in Sources */ = {isa = PBXBuildFile; fileRef = BC09F7761CAE743900ABB395 /* BrowseIterator.swift */; };
		BC4BD2951D54E50000170ECC /* MirroredIndex.swift in Sources */ = {isa = PBXBuildFile; fileRef = BC0A01601C9BEDE000CD4A7C /* MirroredIndex.swift */; };
		BC4BD2961D54E50000170ECC /* MirrorSettings.swift in Sources */ = {isa = PBXBuildFile; fileRef = BC0A01611C9BEDE000CD4A7C /* MirrorSettings.swift */; };
		BC4BD2971D54E50000170ECC /* OfflineClient.swift in Sources */ = {isa = PBXBuildFile; fileRef = BC0A01621C9BEDE000CD4A7C /* OfflineClient.swift */; };
		BC4DDEF01DD10E8B004D9A6E /* AbstractClient.swift in Sources */ = {isa = PBXBuildFile; fileRef = BC4DDEEF1DD10E8B004D9A6E /* AbstractClient.swift */; };
		BC4DDEF11DD10E8B004D9A6E /* AbstractClient.swift in Sources */ = {isa = PBXBuildFile; fileRef = BC4DDEEF1DD10E8B004D9A6E /* AbstractClient.swift */; };
		BC4DDEF21DD10E8B004D9A6E /* AbstractClient.swift in Sources */ = {isa = PBXBuildFile; fileRef = BC4DDEEF1DD10E8B004D9A6E /* AbstractClient.swift */; };
		BC4DDEF31DD10E8B004D9A6E /* AbstractClient.swift in Sources */ = {isa = PBXBuildFile; fileRef = BC4DDEEF1DD10E8B004D9A6E /* AbstractClient.swift */; };
		BC4DDEF41DD10E8B004D9A6E /* AbstractClient.swift in Sources */ = {isa = PBXBuildFile; fileRef = BC4DDEEF1DD10E8B004D9A6E /* AbstractClient.swift */; };
		BC4DDEF61DD10EBA004D9A6E /* Types.swift in Sources */ = {isa = PBXBuildFile; fileRef = BC4DDEF51DD10EBA004D9A6E /* Types.swift */; };
		BC4DDEF71DD10EBA004D9A6E /* Types.swift in Sources */ = {isa = PBXBuildFile; fileRef = BC4DDEF51DD10EBA004D9A6E /* Types.swift */; };
		BC4DDEF81DD10EBA004D9A6E /* Types.swift in Sources */ = {isa = PBXBuildFile; fileRef = BC4DDEF51DD10EBA004D9A6E /* Types.swift */; };
		BC4DDEF91DD10EBA004D9A6E /* Types.swift in Sources */ = {isa = PBXBuildFile; fileRef = BC4DDEF51DD10EBA004D9A6E /* Types.swift */; };
		BC4DDEFA1DD10EBA004D9A6E /* Types.swift in Sources */ = {isa = PBXBuildFile; fileRef = BC4DDEF51DD10EBA004D9A6E /* Types.swift */; };
		BC4DDEFC1DD11527004D9A6E /* PlacesClient.swift in Sources */ = {isa = PBXBuildFile; fileRef = BC4DDEFB1DD11527004D9A6E /* PlacesClient.swift */; };
		BC4DDEFD1DD11527004D9A6E /* PlacesClient.swift in Sources */ = {isa = PBXBuildFile; fileRef = BC4DDEFB1DD11527004D9A6E /* PlacesClient.swift */; };
		BC4DDEFE1DD11527004D9A6E /* PlacesClient.swift in Sources */ = {isa = PBXBuildFile; fileRef = BC4DDEFB1DD11527004D9A6E /* PlacesClient.swift */; };
		BC4DDEFF1DD11527004D9A6E /* PlacesClient.swift in Sources */ = {isa = PBXBuildFile; fileRef = BC4DDEFB1DD11527004D9A6E /* PlacesClient.swift */; };
		BC4DDF001DD11527004D9A6E /* PlacesClient.swift in Sources */ = {isa = PBXBuildFile; fileRef = BC4DDEFB1DD11527004D9A6E /* PlacesClient.swift */; };
		BC4DDF021DD11697004D9A6E /* AbstractQuery.swift in Sources */ = {isa = PBXBuildFile; fileRef = BC4DDF011DD11697004D9A6E /* AbstractQuery.swift */; };
		BC4DDF031DD11697004D9A6E /* AbstractQuery.swift in Sources */ = {isa = PBXBuildFile; fileRef = BC4DDF011DD11697004D9A6E /* AbstractQuery.swift */; };
		BC4DDF041DD11697004D9A6E /* AbstractQuery.swift in Sources */ = {isa = PBXBuildFile; fileRef = BC4DDF011DD11697004D9A6E /* AbstractQuery.swift */; };
		BC4DDF051DD11697004D9A6E /* AbstractQuery.swift in Sources */ = {isa = PBXBuildFile; fileRef = BC4DDF011DD11697004D9A6E /* AbstractQuery.swift */; };
		BC4DDF061DD11697004D9A6E /* AbstractQuery.swift in Sources */ = {isa = PBXBuildFile; fileRef = BC4DDF011DD11697004D9A6E /* AbstractQuery.swift */; };
		BC4DDF081DD12BCC004D9A6E /* PlacesQuery.swift in Sources */ = {isa = PBXBuildFile; fileRef = BC4DDF071DD12BCC004D9A6E /* PlacesQuery.swift */; };
		BC4DDF091DD12BCC004D9A6E /* PlacesQuery.swift in Sources */ = {isa = PBXBuildFile; fileRef = BC4DDF071DD12BCC004D9A6E /* PlacesQuery.swift */; };
		BC4DDF0A1DD12BCC004D9A6E /* PlacesQuery.swift in Sources */ = {isa = PBXBuildFile; fileRef = BC4DDF071DD12BCC004D9A6E /* PlacesQuery.swift */; };
		BC4DDF0B1DD12BCC004D9A6E /* PlacesQuery.swift in Sources */ = {isa = PBXBuildFile; fileRef = BC4DDF071DD12BCC004D9A6E /* PlacesQuery.swift */; };
		BC4DDF0C1DD12BCC004D9A6E /* PlacesQuery.swift in Sources */ = {isa = PBXBuildFile; fileRef = BC4DDF071DD12BCC004D9A6E /* PlacesQuery.swift */; };
		BC4DDF0E1DD133AD004D9A6E /* PlacesClientTests.swift in Sources */ = {isa = PBXBuildFile; fileRef = BC4DDF0D1DD133AD004D9A6E /* PlacesClientTests.swift */; };
		BC4DDF0F1DD133AD004D9A6E /* PlacesClientTests.swift in Sources */ = {isa = PBXBuildFile; fileRef = BC4DDF0D1DD133AD004D9A6E /* PlacesClientTests.swift */; };
		BC4DDF101DD133AD004D9A6E /* PlacesClientTests.swift in Sources */ = {isa = PBXBuildFile; fileRef = BC4DDF0D1DD133AD004D9A6E /* PlacesClientTests.swift */; };
		BC4DDF131DD13423004D9A6E /* PlacesQueryTests.swift in Sources */ = {isa = PBXBuildFile; fileRef = BC4DDF121DD13423004D9A6E /* PlacesQueryTests.swift */; };
		BC4DDF141DD13423004D9A6E /* PlacesQueryTests.swift in Sources */ = {isa = PBXBuildFile; fileRef = BC4DDF121DD13423004D9A6E /* PlacesQueryTests.swift */; };
		BC4DDF151DD13423004D9A6E /* PlacesQueryTests.swift in Sources */ = {isa = PBXBuildFile; fileRef = BC4DDF121DD13423004D9A6E /* PlacesQueryTests.swift */; };
		BC582C5D1D82B453007B815A /* ObjectiveCBridging.m in Sources */ = {isa = PBXBuildFile; fileRef = BC582C5C1D82B453007B815A /* ObjectiveCBridging.m */; };
		BC6267EE1D8FE4180014C767 /* OfflineObjcBridging.m in Sources */ = {isa = PBXBuildFile; fileRef = BC6267ED1D8FE4180014C767 /* OfflineObjcBridging.m */; };
		BC68BC571CB69776007F9655 /* IndexQuery.swift in Sources */ = {isa = PBXBuildFile; fileRef = BC68BC561CB69776007F9655 /* IndexQuery.swift */; };
		BC68BC581CB69776007F9655 /* IndexQuery.swift in Sources */ = {isa = PBXBuildFile; fileRef = BC68BC561CB69776007F9655 /* IndexQuery.swift */; };
		BC72244D1D9C137B00B56908 /* OnlineTestCase.swift in Sources */ = {isa = PBXBuildFile; fileRef = BC72244C1D9C137B00B56908 /* OnlineTestCase.swift */; };
		BC72244E1D9C137B00B56908 /* OnlineTestCase.swift in Sources */ = {isa = PBXBuildFile; fileRef = BC72244C1D9C137B00B56908 /* OnlineTestCase.swift */; };
		BC72244F1D9C137B00B56908 /* OnlineTestCase.swift in Sources */ = {isa = PBXBuildFile; fileRef = BC72244C1D9C137B00B56908 /* OnlineTestCase.swift */; };
		BC85EA701D82C8C3009E9E7D /* ObjectiveCBridging.m in Sources */ = {isa = PBXBuildFile; fileRef = BC582C5C1D82B453007B815A /* ObjectiveCBridging.m */; };
		BC85EA711D82C8C4009E9E7D /* ObjectiveCBridging.m in Sources */ = {isa = PBXBuildFile; fileRef = BC582C5C1D82B453007B815A /* ObjectiveCBridging.m */; };
		BCC83C3E1F0E76BF002CD846 /* RequestOptions.swift in Sources */ = {isa = PBXBuildFile; fileRef = BCC83C3D1F0E76BF002CD846 /* RequestOptions.swift */; };
		BCC83C3F1F0E76BF002CD846 /* RequestOptions.swift in Sources */ = {isa = PBXBuildFile; fileRef = BCC83C3D1F0E76BF002CD846 /* RequestOptions.swift */; };
		BCC83C401F0E76BF002CD846 /* RequestOptions.swift in Sources */ = {isa = PBXBuildFile; fileRef = BCC83C3D1F0E76BF002CD846 /* RequestOptions.swift */; };
		BCC83C411F0E76BF002CD846 /* RequestOptions.swift in Sources */ = {isa = PBXBuildFile; fileRef = BCC83C3D1F0E76BF002CD846 /* RequestOptions.swift */; };
		BCC83C421F0E76BF002CD846 /* RequestOptions.swift in Sources */ = {isa = PBXBuildFile; fileRef = BCC83C3D1F0E76BF002CD846 /* RequestOptions.swift */; };
		BCD1F5541CC61C8D0006E227 /* AlgoliaSearch.framework in Frameworks */ = {isa = PBXBuildFile; fileRef = BCD1F54A1CC61C8D0006E227 /* AlgoliaSearch.framework */; };
		BCD1F5611CC61CFE0006E227 /* AsyncOperation.swift in Sources */ = {isa = PBXBuildFile; fileRef = BC4A7F381CB5308100AF1DCB /* AsyncOperation.swift */; };
		BCD1F5621CC61D020006E227 /* Cache.swift in Sources */ = {isa = PBXBuildFile; fileRef = 5D67400E1B4AA22600B326EC /* Cache.swift */; };
		BCD1F5631CC61D050006E227 /* Client.swift in Sources */ = {isa = PBXBuildFile; fileRef = 5D7495A01A8E277400B0263F /* Client.swift */; };
		BCD1F5641CC61D090006E227 /* Error.swift in Sources */ = {isa = PBXBuildFile; fileRef = BC0A01591C9BEDB200CD4A7C /* Error.swift */; };
		BCD1F5651CC61D0D0006E227 /* Helpers.swift in Sources */ = {isa = PBXBuildFile; fileRef = 5D74959F1A8E277400B0263F /* Helpers.swift */; };
		BCD1F5661CC61D100006E227 /* Index.swift in Sources */ = {isa = PBXBuildFile; fileRef = 5DECA2D91A960BC5001A6088 /* Index.swift */; };
		BCD1F5671CC61D130006E227 /* IndexQuery.swift in Sources */ = {isa = PBXBuildFile; fileRef = BC68BC561CB69776007F9655 /* IndexQuery.swift */; };
		BCD1F5681CC61D160006E227 /* Network.swift in Sources */ = {isa = PBXBuildFile; fileRef = 5D09E1DB1AC0773A00B799A6 /* Network.swift */; };
		BCD1F5691CC61D1A0006E227 /* Query.swift in Sources */ = {isa = PBXBuildFile; fileRef = 5D7495A61A8E499B00B0263F /* Query.swift */; };
		BCD1F56A1CC61D1D0006E227 /* Request.swift in Sources */ = {isa = PBXBuildFile; fileRef = BC01E66C1CA43CEE0067670B /* Request.swift */; };
		BCD1F56C1CC61D2D0006E227 /* BrowseIterator.swift in Sources */ = {isa = PBXBuildFile; fileRef = BC09F7761CAE743900ABB395 /* BrowseIterator.swift */; };
		BCD1F56D1CC61DB30006E227 /* BrowseIteratorTests.swift in Sources */ = {isa = PBXBuildFile; fileRef = BC09F7791CAE7FDF00ABB395 /* BrowseIteratorTests.swift */; };
		BCD1F56E1CC61DB80006E227 /* CancelTests.swift in Sources */ = {isa = PBXBuildFile; fileRef = BC4A7F3B1CB5373E00AF1DCB /* CancelTests.swift */; };
		BCD1F56F1CC61DB80006E227 /* ClientTests.swift in Sources */ = {isa = PBXBuildFile; fileRef = 5D8FFA371AAB08830078869E /* ClientTests.swift */; };
		BCD1F5701CC61DB80006E227 /* Helpers.swift in Sources */ = {isa = PBXBuildFile; fileRef = 5D44D0261B362648008369AC /* Helpers.swift */; };
		BCD1F5711CC61DB80006E227 /* IndexTests.swift in Sources */ = {isa = PBXBuildFile; fileRef = 5D8FFA391AAB0AB80078869E /* IndexTests.swift */; };
		BCD1F5721CC61DB80006E227 /* MockURLSession.swift in Sources */ = {isa = PBXBuildFile; fileRef = BCDA737D1CA555070082B197 /* MockURLSession.swift */; };
		BCD1F5731CC61DB80006E227 /* NetworkTests.swift in Sources */ = {isa = PBXBuildFile; fileRef = BCDA73771CA546800082B197 /* NetworkTests.swift */; };
		BCD1F5741CC61DB80006E227 /* QueryTests.swift in Sources */ = {isa = PBXBuildFile; fileRef = BC0A01631C9C19CD00CD4A7C /* QueryTests.swift */; };
		BCD4B5351E13FE5E00838E02 /* NetworkReachability.swift in Sources */ = {isa = PBXBuildFile; fileRef = BC15FAC01E01C041005E3B56 /* NetworkReachability.swift */; };
		BCD57D1F1D89947500C5DE68 /* DisjunctiveFaceting.swift in Sources */ = {isa = PBXBuildFile; fileRef = BCD57D1E1D89947500C5DE68 /* DisjunctiveFaceting.swift */; };
		BCD57D201D89947500C5DE68 /* DisjunctiveFaceting.swift in Sources */ = {isa = PBXBuildFile; fileRef = BCD57D1E1D89947500C5DE68 /* DisjunctiveFaceting.swift */; };
		BCD57D211D89947500C5DE68 /* DisjunctiveFaceting.swift in Sources */ = {isa = PBXBuildFile; fileRef = BCD57D1E1D89947500C5DE68 /* DisjunctiveFaceting.swift */; };
		BCD57D221D89947500C5DE68 /* DisjunctiveFaceting.swift in Sources */ = {isa = PBXBuildFile; fileRef = BCD57D1E1D89947500C5DE68 /* DisjunctiveFaceting.swift */; };
		BCD57D231D89947500C5DE68 /* DisjunctiveFaceting.swift in Sources */ = {isa = PBXBuildFile; fileRef = BCD57D1E1D89947500C5DE68 /* DisjunctiveFaceting.swift */; };
		BCD57D261D89970D00C5DE68 /* MultipleQueryEmulator.swift in Sources */ = {isa = PBXBuildFile; fileRef = BCD57D241D89970D00C5DE68 /* MultipleQueryEmulator.swift */; };
		BCD57D271D89970D00C5DE68 /* OfflineIndex.swift in Sources */ = {isa = PBXBuildFile; fileRef = BCD57D251D89970D00C5DE68 /* OfflineIndex.swift */; };
		BCD57D311D89B12E00C5DE68 /* AlgoliaSearchOffline.framework in Frameworks */ = {isa = PBXBuildFile; fileRef = BC4BD2931D54E48900170ECC /* AlgoliaSearchOffline.framework */; };
		BCD57D3C1D89B1EA00C5DE68 /* OfflineClientTests.swift in Sources */ = {isa = PBXBuildFile; fileRef = BCD57D391D89B1EA00C5DE68 /* OfflineClientTests.swift */; };
		BCD57D3D1D89B1EA00C5DE68 /* OfflineIndexTests.swift in Sources */ = {isa = PBXBuildFile; fileRef = BCD57D3A1D89B1EA00C5DE68 /* OfflineIndexTests.swift */; };
		BCD57D3E1D89B1EA00C5DE68 /* OfflineTestCase.swift in Sources */ = {isa = PBXBuildFile; fileRef = BCD57D3B1D89B1EA00C5DE68 /* OfflineTestCase.swift */; };
		BCDA73781CA546800082B197 /* NetworkTests.swift in Sources */ = {isa = PBXBuildFile; fileRef = BCDA73771CA546800082B197 /* NetworkTests.swift */; };
		BCDA73791CA546800082B197 /* NetworkTests.swift in Sources */ = {isa = PBXBuildFile; fileRef = BCDA73771CA546800082B197 /* NetworkTests.swift */; };
		BCDA737E1CA555070082B197 /* MockURLSession.swift in Sources */ = {isa = PBXBuildFile; fileRef = BCDA737D1CA555070082B197 /* MockURLSession.swift */; };
		BCDA737F1CA555070082B197 /* MockURLSession.swift in Sources */ = {isa = PBXBuildFile; fileRef = BCDA737D1CA555070082B197 /* MockURLSession.swift */; };
		BCE2E9851E23949D00F189F3 /* MockNetworkReachability.swift in Sources */ = {isa = PBXBuildFile; fileRef = BCE2E9841E23949D00F189F3 /* MockNetworkReachability.swift */; };
		BCE2E9861E23949D00F189F3 /* MockNetworkReachability.swift in Sources */ = {isa = PBXBuildFile; fileRef = BCE2E9841E23949D00F189F3 /* MockNetworkReachability.swift */; };
		BCE2E9871E23949D00F189F3 /* MockNetworkReachability.swift in Sources */ = {isa = PBXBuildFile; fileRef = BCE2E9841E23949D00F189F3 /* MockNetworkReachability.swift */; };
		BCE2E98A1E239D5C00F189F3 /* MockNetworkReachability.swift in Sources */ = {isa = PBXBuildFile; fileRef = BCE2E9891E239D5C00F189F3 /* MockNetworkReachability.swift */; };
		BCEE36811E0830810091D113 /* settings.json in Resources */ = {isa = PBXBuildFile; fileRef = BCEE36801E0830810091D113 /* settings.json */; };
		BCEE36831E08309F0091D113 /* objects.json in Resources */ = {isa = PBXBuildFile; fileRef = BCEE36821E08309F0091D113 /* objects.json */; };
		BCFC281C1D92660C00BFE0A0 /* MirroredIndexTests.swift in Sources */ = {isa = PBXBuildFile; fileRef = BCFC281B1D92660C00BFE0A0 /* MirroredIndexTests.swift */; };
		BCFC281D1D92670100BFE0A0 /* Helpers.swift in Sources */ = {isa = PBXBuildFile; fileRef = 5D44D0261B362648008369AC /* Helpers.swift */; };
/* End PBXBuildFile section */

/* Begin PBXContainerItemProxy section */
		5D74958B1A8E25A600B0263F /* PBXContainerItemProxy */ = {
			isa = PBXContainerItemProxy;
			containerPortal = 5D7495751A8E25A600B0263F /* Project object */;
			proxyType = 1;
			remoteGlobalIDString = 5D74957D1A8E25A600B0263F;
			remoteInfo = AlgoliaSearch;
		};
		5DB251491AAD9EE400945339 /* PBXContainerItemProxy */ = {
			isa = PBXContainerItemProxy;
			containerPortal = 5D7495751A8E25A600B0263F /* Project object */;
			proxyType = 1;
			remoteGlobalIDString = 5DB2513C1AAD9EE300945339;
			remoteInfo = AlgoliaSarch;
		};
		BCD1F5551CC61C8D0006E227 /* PBXContainerItemProxy */ = {
			isa = PBXContainerItemProxy;
			containerPortal = 5D7495751A8E25A600B0263F /* Project object */;
			proxyType = 1;
			remoteGlobalIDString = BCD1F5491CC61C8D0006E227;
			remoteInfo = AlgoliaSearch;
		};
		BCD57D321D89B12E00C5DE68 /* PBXContainerItemProxy */ = {
			isa = PBXContainerItemProxy;
			containerPortal = 5D7495751A8E25A600B0263F /* Project object */;
			proxyType = 1;
			remoteGlobalIDString = BC4BD2801D54E48900170ECC;
			remoteInfo = "AlgoliaSearch-Offline-iOS";
		};
/* End PBXContainerItemProxy section */

/* Begin PBXFileReference section */
		023CDD2C3787987952D42EF3 /* Pods-AlgoliaSearch-Offline-iOS.debug.xcconfig */ = {isa = PBXFileReference; includeInIndex = 1; lastKnownFileType = text.xcconfig; name = "Pods-AlgoliaSearch-Offline-iOS.debug.xcconfig"; path = "Pods/Target Support Files/Pods-AlgoliaSearch-Offline-iOS/Pods-AlgoliaSearch-Offline-iOS.debug.xcconfig"; sourceTree = "<group>"; };
		338B6F8A06C1FD27C2AFCE17 /* Pods-AlgoliaSearch-Offline-iOS-Tests.release.xcconfig */ = {isa = PBXFileReference; includeInIndex = 1; lastKnownFileType = text.xcconfig; name = "Pods-AlgoliaSearch-Offline-iOS-Tests.release.xcconfig"; path = "Pods/Target Support Files/Pods-AlgoliaSearch-Offline-iOS-Tests/Pods-AlgoliaSearch-Offline-iOS-Tests.release.xcconfig"; sourceTree = "<group>"; };
		56CE2ADBC0FD4C74E49C5EAB /* Pods-AlgoliaSearch-Offline-iOS.release.xcconfig */ = {isa = PBXFileReference; includeInIndex = 1; lastKnownFileType = text.xcconfig; name = "Pods-AlgoliaSearch-Offline-iOS.release.xcconfig"; path = "Pods/Target Support Files/Pods-AlgoliaSearch-Offline-iOS/Pods-AlgoliaSearch-Offline-iOS.release.xcconfig"; sourceTree = "<group>"; };
		5D09E1DB1AC0773A00B799A6 /* Network.swift */ = {isa = PBXFileReference; fileEncoding = 4; lastKnownFileType = sourcecode.swift; path = Network.swift; sourceTree = "<group>"; };
		5D44D0261B362648008369AC /* Helpers.swift */ = {isa = PBXFileReference; fileEncoding = 4; lastKnownFileType = sourcecode.swift; path = Helpers.swift; sourceTree = "<group>"; };
		5D67400E1B4AA22600B326EC /* Cache.swift */ = {isa = PBXFileReference; fileEncoding = 4; lastKnownFileType = sourcecode.swift; path = Cache.swift; sourceTree = "<group>"; };
		5D74957E1A8E25A600B0263F /* AlgoliaSearch.framework */ = {isa = PBXFileReference; explicitFileType = wrapper.framework; includeInIndex = 0; path = AlgoliaSearch.framework; sourceTree = BUILT_PRODUCTS_DIR; };
		5D7495821A8E25A600B0263F /* Info.plist */ = {isa = PBXFileReference; lastKnownFileType = text.plist.xml; path = Info.plist; sourceTree = "<group>"; };
		5D7495891A8E25A600B0263F /* AlgoliaSearch OSX Tests.xctest */ = {isa = PBXFileReference; explicitFileType = wrapper.cfbundle; includeInIndex = 0; path = "AlgoliaSearch OSX Tests.xctest"; sourceTree = BUILT_PRODUCTS_DIR; };
		5D74958F1A8E25A600B0263F /* Info.plist */ = {isa = PBXFileReference; lastKnownFileType = text.plist.xml; path = Info.plist; sourceTree = "<group>"; };
		5D74959F1A8E277400B0263F /* Helpers.swift */ = {isa = PBXFileReference; fileEncoding = 4; lastKnownFileType = sourcecode.swift; path = Helpers.swift; sourceTree = "<group>"; };
		5D7495A01A8E277400B0263F /* Client.swift */ = {isa = PBXFileReference; fileEncoding = 4; lastKnownFileType = sourcecode.swift; path = Client.swift; sourceTree = "<group>"; };
		5D7495A61A8E499B00B0263F /* Query.swift */ = {isa = PBXFileReference; fileEncoding = 4; lastKnownFileType = sourcecode.swift; path = Query.swift; sourceTree = "<group>"; };
		5D8FFA371AAB08830078869E /* ClientTests.swift */ = {isa = PBXFileReference; fileEncoding = 4; lastKnownFileType = sourcecode.swift; path = ClientTests.swift; sourceTree = "<group>"; };
		5D8FFA391AAB0AB80078869E /* IndexTests.swift */ = {isa = PBXFileReference; fileEncoding = 4; lastKnownFileType = sourcecode.swift; path = IndexTests.swift; sourceTree = "<group>"; };
		5DB2513D1AAD9EE300945339 /* AlgoliaSearch.framework */ = {isa = PBXFileReference; explicitFileType = wrapper.framework; includeInIndex = 0; path = AlgoliaSearch.framework; sourceTree = BUILT_PRODUCTS_DIR; };
		5DB251471AAD9EE400945339 /* AlgoliaSearch iOS Tests.xctest */ = {isa = PBXFileReference; explicitFileType = wrapper.cfbundle; includeInIndex = 0; path = "AlgoliaSearch iOS Tests.xctest"; sourceTree = BUILT_PRODUCTS_DIR; };
		5DECA2D91A960BC5001A6088 /* Index.swift */ = {isa = PBXFileReference; fileEncoding = 4; lastKnownFileType = sourcecode.swift; path = Index.swift; sourceTree = "<group>"; };
		5E6CE9BF44D9DA7D61A5AB03 /* Pods-AlgoliaSearch-Offline-iOS-Tests.debug.xcconfig */ = {isa = PBXFileReference; includeInIndex = 1; lastKnownFileType = text.xcconfig; name = "Pods-AlgoliaSearch-Offline-iOS-Tests.debug.xcconfig"; path = "Pods/Target Support Files/Pods-AlgoliaSearch-Offline-iOS-Tests/Pods-AlgoliaSearch-Offline-iOS-Tests.debug.xcconfig"; sourceTree = "<group>"; };
		62AD92C0BDA001803B5786C0 /* Pods_AlgoliaSearch_Offline_iOS.framework */ = {isa = PBXFileReference; explicitFileType = wrapper.framework; includeInIndex = 0; path = Pods_AlgoliaSearch_Offline_iOS.framework; sourceTree = BUILT_PRODUCTS_DIR; };
		BC01E66C1CA43CEE0067670B /* Request.swift */ = {isa = PBXFileReference; fileEncoding = 4; lastKnownFileType = sourcecode.swift; path = Request.swift; sourceTree = "<group>"; };
		BC09F7761CAE743900ABB395 /* BrowseIterator.swift */ = {isa = PBXFileReference; fileEncoding = 4; lastKnownFileType = sourcecode.swift; path = BrowseIterator.swift; sourceTree = "<group>"; };
		BC09F7791CAE7FDF00ABB395 /* BrowseIteratorTests.swift */ = {isa = PBXFileReference; fileEncoding = 4; lastKnownFileType = sourcecode.swift; path = BrowseIteratorTests.swift; sourceTree = "<group>"; };
		BC0A01591C9BEDB200CD4A7C /* Error.swift */ = {isa = PBXFileReference; fileEncoding = 4; lastKnownFileType = sourcecode.swift; path = Error.swift; sourceTree = "<group>"; };
		BC0A01601C9BEDE000CD4A7C /* MirroredIndex.swift */ = {isa = PBXFileReference; lastKnownFileType = sourcecode.swift; path = MirroredIndex.swift; sourceTree = "<group>"; };
		BC0A01611C9BEDE000CD4A7C /* MirrorSettings.swift */ = {isa = PBXFileReference; lastKnownFileType = sourcecode.swift; path = MirrorSettings.swift; sourceTree = "<group>"; };
		BC0A01621C9BEDE000CD4A7C /* OfflineClient.swift */ = {isa = PBXFileReference; lastKnownFileType = sourcecode.swift; path = OfflineClient.swift; sourceTree = "<group>"; };
		BC0A01631C9C19CD00CD4A7C /* QueryTests.swift */ = {isa = PBXFileReference; fileEncoding = 4; lastKnownFileType = sourcecode.swift; path = QueryTests.swift; sourceTree = "<group>"; };
		BC15FAC01E01C041005E3B56 /* NetworkReachability.swift */ = {isa = PBXFileReference; fileEncoding = 4; lastKnownFileType = sourcecode.swift; path = NetworkReachability.swift; sourceTree = "<group>"; };
		BC23A6EC1D63539A00DF9034 /* AlgoliaSearch.framework */ = {isa = PBXFileReference; explicitFileType = wrapper.framework; includeInIndex = 0; path = AlgoliaSearch.framework; sourceTree = BUILT_PRODUCTS_DIR; };
		BC28C4D61E5B5A0E00EFC4A0 /* Searchable.swift */ = {isa = PBXFileReference; fileEncoding = 4; lastKnownFileType = sourcecode.swift; path = Searchable.swift; sourceTree = "<group>"; };
		BC4A7F381CB5308100AF1DCB /* AsyncOperation.swift */ = {isa = PBXFileReference; fileEncoding = 4; lastKnownFileType = sourcecode.swift; path = AsyncOperation.swift; sourceTree = "<group>"; };
		BC4A7F3B1CB5373E00AF1DCB /* CancelTests.swift */ = {isa = PBXFileReference; fileEncoding = 4; lastKnownFileType = sourcecode.swift; path = CancelTests.swift; sourceTree = "<group>"; };
		BC4BD2931D54E48900170ECC /* AlgoliaSearchOffline.framework */ = {isa = PBXFileReference; explicitFileType = wrapper.framework; includeInIndex = 0; path = AlgoliaSearchOffline.framework; sourceTree = BUILT_PRODUCTS_DIR; };
		BC4DDEEF1DD10E8B004D9A6E /* AbstractClient.swift */ = {isa = PBXFileReference; fileEncoding = 4; lastKnownFileType = sourcecode.swift; path = AbstractClient.swift; sourceTree = "<group>"; };
		BC4DDEF51DD10EBA004D9A6E /* Types.swift */ = {isa = PBXFileReference; fileEncoding = 4; lastKnownFileType = sourcecode.swift; path = Types.swift; sourceTree = "<group>"; };
		BC4DDEFB1DD11527004D9A6E /* PlacesClient.swift */ = {isa = PBXFileReference; fileEncoding = 4; lastKnownFileType = sourcecode.swift; path = PlacesClient.swift; sourceTree = "<group>"; };
		BC4DDF011DD11697004D9A6E /* AbstractQuery.swift */ = {isa = PBXFileReference; fileEncoding = 4; lastKnownFileType = sourcecode.swift; path = AbstractQuery.swift; sourceTree = "<group>"; };
		BC4DDF071DD12BCC004D9A6E /* PlacesQuery.swift */ = {isa = PBXFileReference; fileEncoding = 4; lastKnownFileType = sourcecode.swift; path = PlacesQuery.swift; sourceTree = "<group>"; };
		BC4DDF0D1DD133AD004D9A6E /* PlacesClientTests.swift */ = {isa = PBXFileReference; fileEncoding = 4; lastKnownFileType = sourcecode.swift; path = PlacesClientTests.swift; sourceTree = "<group>"; };
		BC4DDF121DD13423004D9A6E /* PlacesQueryTests.swift */ = {isa = PBXFileReference; fileEncoding = 4; lastKnownFileType = sourcecode.swift; path = PlacesQueryTests.swift; sourceTree = "<group>"; };
		BC582C5C1D82B453007B815A /* ObjectiveCBridging.m */ = {isa = PBXFileReference; fileEncoding = 4; lastKnownFileType = sourcecode.c.objc; path = ObjectiveCBridging.m; sourceTree = "<group>"; };
		BC6267ED1D8FE4180014C767 /* OfflineObjcBridging.m */ = {isa = PBXFileReference; fileEncoding = 4; lastKnownFileType = sourcecode.c.objc; path = OfflineObjcBridging.m; sourceTree = "<group>"; };
		BC68BC561CB69776007F9655 /* IndexQuery.swift */ = {isa = PBXFileReference; fileEncoding = 4; lastKnownFileType = sourcecode.swift; path = IndexQuery.swift; sourceTree = "<group>"; };
		BC72244C1D9C137B00B56908 /* OnlineTestCase.swift */ = {isa = PBXFileReference; fileEncoding = 4; lastKnownFileType = sourcecode.swift; path = OnlineTestCase.swift; sourceTree = "<group>"; };
		BC85EA721D82C8FD009E9E7D /* Tests-Bridging-Header.h */ = {isa = PBXFileReference; fileEncoding = 4; lastKnownFileType = sourcecode.c.h; path = "Tests-Bridging-Header.h"; sourceTree = "<group>"; };
		BCC83C3D1F0E76BF002CD846 /* RequestOptions.swift */ = {isa = PBXFileReference; lastKnownFileType = sourcecode.swift; path = RequestOptions.swift; sourceTree = "<group>"; };
		BCD1F54A1CC61C8D0006E227 /* AlgoliaSearch.framework */ = {isa = PBXFileReference; explicitFileType = wrapper.framework; includeInIndex = 0; path = AlgoliaSearch.framework; sourceTree = BUILT_PRODUCTS_DIR; };
		BCD1F5531CC61C8D0006E227 /* AlgoliaSearch tvOS Tests.xctest */ = {isa = PBXFileReference; explicitFileType = wrapper.cfbundle; includeInIndex = 0; path = "AlgoliaSearch tvOS Tests.xctest"; sourceTree = BUILT_PRODUCTS_DIR; };
		BCD57D1E1D89947500C5DE68 /* DisjunctiveFaceting.swift */ = {isa = PBXFileReference; fileEncoding = 4; lastKnownFileType = sourcecode.swift; path = DisjunctiveFaceting.swift; sourceTree = "<group>"; };
		BCD57D241D89970D00C5DE68 /* MultipleQueryEmulator.swift */ = {isa = PBXFileReference; fileEncoding = 4; lastKnownFileType = sourcecode.swift; path = MultipleQueryEmulator.swift; sourceTree = "<group>"; };
		BCD57D251D89970D00C5DE68 /* OfflineIndex.swift */ = {isa = PBXFileReference; fileEncoding = 4; lastKnownFileType = sourcecode.swift; path = OfflineIndex.swift; sourceTree = "<group>"; };
		BCD57D2C1D89B12E00C5DE68 /* AlgoliaSearch-Offline-iOS-Tests.xctest */ = {isa = PBXFileReference; explicitFileType = wrapper.cfbundle; includeInIndex = 0; path = "AlgoliaSearch-Offline-iOS-Tests.xctest"; sourceTree = BUILT_PRODUCTS_DIR; };
		BCD57D391D89B1EA00C5DE68 /* OfflineClientTests.swift */ = {isa = PBXFileReference; fileEncoding = 4; lastKnownFileType = sourcecode.swift; path = OfflineClientTests.swift; sourceTree = "<group>"; };
		BCD57D3A1D89B1EA00C5DE68 /* OfflineIndexTests.swift */ = {isa = PBXFileReference; fileEncoding = 4; lastKnownFileType = sourcecode.swift; path = OfflineIndexTests.swift; sourceTree = "<group>"; };
		BCD57D3B1D89B1EA00C5DE68 /* OfflineTestCase.swift */ = {isa = PBXFileReference; fileEncoding = 4; lastKnownFileType = sourcecode.swift; path = OfflineTestCase.swift; sourceTree = "<group>"; };
		BCDA73771CA546800082B197 /* NetworkTests.swift */ = {isa = PBXFileReference; fileEncoding = 4; lastKnownFileType = sourcecode.swift; path = NetworkTests.swift; sourceTree = "<group>"; };
		BCDA737D1CA555070082B197 /* MockURLSession.swift */ = {isa = PBXFileReference; fileEncoding = 4; lastKnownFileType = sourcecode.swift; path = MockURLSession.swift; sourceTree = "<group>"; };
		BCE2E9841E23949D00F189F3 /* MockNetworkReachability.swift */ = {isa = PBXFileReference; fileEncoding = 4; lastKnownFileType = sourcecode.swift; path = MockNetworkReachability.swift; sourceTree = "<group>"; };
		BCE2E9891E239D5C00F189F3 /* MockNetworkReachability.swift */ = {isa = PBXFileReference; fileEncoding = 4; lastKnownFileType = sourcecode.swift; path = MockNetworkReachability.swift; sourceTree = "<group>"; };
		BCEE36801E0830810091D113 /* settings.json */ = {isa = PBXFileReference; fileEncoding = 4; lastKnownFileType = text.json; path = settings.json; sourceTree = "<group>"; };
		BCEE36821E08309F0091D113 /* objects.json */ = {isa = PBXFileReference; fileEncoding = 4; lastKnownFileType = text.json; path = objects.json; sourceTree = "<group>"; };
		BCFC281B1D92660C00BFE0A0 /* MirroredIndexTests.swift */ = {isa = PBXFileReference; fileEncoding = 4; lastKnownFileType = sourcecode.swift; path = MirroredIndexTests.swift; sourceTree = "<group>"; };
		F52EEAD0E1031BA77193C0AF /* Pods_AlgoliaSearch_Offline_iOS_Tests.framework */ = {isa = PBXFileReference; explicitFileType = wrapper.framework; includeInIndex = 0; path = Pods_AlgoliaSearch_Offline_iOS_Tests.framework; sourceTree = BUILT_PRODUCTS_DIR; };
/* End PBXFileReference section */

/* Begin PBXFrameworksBuildPhase section */
		5D74957A1A8E25A600B0263F /* Frameworks */ = {
			isa = PBXFrameworksBuildPhase;
			buildActionMask = 2147483647;
			files = (
			);
			runOnlyForDeploymentPostprocessing = 0;
		};
		5D7495861A8E25A600B0263F /* Frameworks */ = {
			isa = PBXFrameworksBuildPhase;
			buildActionMask = 2147483647;
			files = (
				5D74958A1A8E25A600B0263F /* AlgoliaSearch.framework in Frameworks */,
			);
			runOnlyForDeploymentPostprocessing = 0;
		};
		5DB251391AAD9EE300945339 /* Frameworks */ = {
			isa = PBXFrameworksBuildPhase;
			buildActionMask = 2147483647;
			files = (
			);
			runOnlyForDeploymentPostprocessing = 0;
		};
		5DB251441AAD9EE400945339 /* Frameworks */ = {
			isa = PBXFrameworksBuildPhase;
			buildActionMask = 2147483647;
			files = (
				5DB251481AAD9EE400945339 /* AlgoliaSearch.framework in Frameworks */,
			);
			runOnlyForDeploymentPostprocessing = 0;
		};
		BC23A6E81D63539A00DF9034 /* Frameworks */ = {
			isa = PBXFrameworksBuildPhase;
			buildActionMask = 2147483647;
			files = (
			);
			runOnlyForDeploymentPostprocessing = 0;
		};
		BC4BD28D1D54E48900170ECC /* Frameworks */ = {
			isa = PBXFrameworksBuildPhase;
			buildActionMask = 2147483647;
			files = (
				88FD5E84BE34111D1B284BE0 /* Pods_AlgoliaSearch_Offline_iOS.framework in Frameworks */,
			);
			runOnlyForDeploymentPostprocessing = 0;
		};
		BCD1F5461CC61C8D0006E227 /* Frameworks */ = {
			isa = PBXFrameworksBuildPhase;
			buildActionMask = 2147483647;
			files = (
			);
			runOnlyForDeploymentPostprocessing = 0;
		};
		BCD1F5501CC61C8D0006E227 /* Frameworks */ = {
			isa = PBXFrameworksBuildPhase;
			buildActionMask = 2147483647;
			files = (
				BCD1F5541CC61C8D0006E227 /* AlgoliaSearch.framework in Frameworks */,
			);
			runOnlyForDeploymentPostprocessing = 0;
		};
		BCD57D291D89B12E00C5DE68 /* Frameworks */ = {
			isa = PBXFrameworksBuildPhase;
			buildActionMask = 2147483647;
			files = (
				BCD57D311D89B12E00C5DE68 /* AlgoliaSearchOffline.framework in Frameworks */,
				3A11AC4EE771A46C306173F7 /* Pods_AlgoliaSearch_Offline_iOS_Tests.framework in Frameworks */,
			);
			runOnlyForDeploymentPostprocessing = 0;
		};
/* End PBXFrameworksBuildPhase section */

/* Begin PBXGroup section */
		51431E2CFD7615D7B8C6F352 /* Frameworks */ = {
			isa = PBXGroup;
			children = (
				62AD92C0BDA001803B5786C0 /* Pods_AlgoliaSearch_Offline_iOS.framework */,
				F52EEAD0E1031BA77193C0AF /* Pods_AlgoliaSearch_Offline_iOS_Tests.framework */,
			);
			name = Frameworks;
			sourceTree = "<group>";
		};
		5D7495741A8E25A600B0263F = {
			isa = PBXGroup;
			children = (
				5D7495801A8E25A600B0263F /* Source */,
				5D74958D1A8E25A600B0263F /* Tests */,
				5D74957F1A8E25A600B0263F /* Products */,
				7C5DBBEB5C2A87A8C7209842 /* Pods */,
				51431E2CFD7615D7B8C6F352 /* Frameworks */,
			);
			sourceTree = "<group>";
		};
		5D74957F1A8E25A600B0263F /* Products */ = {
			isa = PBXGroup;
			children = (
				5D74957E1A8E25A600B0263F /* AlgoliaSearch.framework */,
				5D7495891A8E25A600B0263F /* AlgoliaSearch OSX Tests.xctest */,
				5DB2513D1AAD9EE300945339 /* AlgoliaSearch.framework */,
				5DB251471AAD9EE400945339 /* AlgoliaSearch iOS Tests.xctest */,
				BCD1F54A1CC61C8D0006E227 /* AlgoliaSearch.framework */,
				BCD1F5531CC61C8D0006E227 /* AlgoliaSearch tvOS Tests.xctest */,
				BC4BD2931D54E48900170ECC /* AlgoliaSearchOffline.framework */,
				BC23A6EC1D63539A00DF9034 /* AlgoliaSearch.framework */,
				BCD57D2C1D89B12E00C5DE68 /* AlgoliaSearch-Offline-iOS-Tests.xctest */,
			);
			name = Products;
			sourceTree = "<group>";
		};
		5D7495801A8E25A600B0263F /* Source */ = {
			isa = PBXGroup;
			children = (
				BC4DDEEF1DD10E8B004D9A6E /* AbstractClient.swift */,
				BC4DDF011DD11697004D9A6E /* AbstractQuery.swift */,
				BC4A7F381CB5308100AF1DCB /* AsyncOperation.swift */,
				5D67400E1B4AA22600B326EC /* Cache.swift */,
				5D7495A01A8E277400B0263F /* Client.swift */,
				BC0A01591C9BEDB200CD4A7C /* Error.swift */,
				5D74959F1A8E277400B0263F /* Helpers.swift */,
				5DECA2D91A960BC5001A6088 /* Index.swift */,
				BC68BC561CB69776007F9655 /* IndexQuery.swift */,
				5D09E1DB1AC0773A00B799A6 /* Network.swift */,
				BC15FAC01E01C041005E3B56 /* NetworkReachability.swift */,
				BC4DDEFB1DD11527004D9A6E /* PlacesClient.swift */,
				BC4DDF071DD12BCC004D9A6E /* PlacesQuery.swift */,
				5D7495A61A8E499B00B0263F /* Query.swift */,
				BCC83C3D1F0E76BF002CD846 /* RequestOptions.swift */,
				BC01E66C1CA43CEE0067670B /* Request.swift */,
				BC28C4D61E5B5A0E00EFC4A0 /* Searchable.swift */,
				BC4DDEF51DD10EBA004D9A6E /* Types.swift */,
				BC09F7751CAE742800ABB395 /* Helpers */,
				BC0A015F1C9BEDE000CD4A7C /* Offline */,
				5D7495811A8E25A600B0263F /* Supporting Files */,
			);
			path = Source;
			sourceTree = "<group>";
		};
		5D7495811A8E25A600B0263F /* Supporting Files */ = {
			isa = PBXGroup;
			children = (
				5D7495821A8E25A600B0263F /* Info.plist */,
			);
			name = "Supporting Files";
			sourceTree = "<group>";
		};
		5D74958D1A8E25A600B0263F /* Tests */ = {
			isa = PBXGroup;
			children = (
				BC09F7791CAE7FDF00ABB395 /* BrowseIteratorTests.swift */,
				BC4A7F3B1CB5373E00AF1DCB /* CancelTests.swift */,
				5D8FFA371AAB08830078869E /* ClientTests.swift */,
				5D44D0261B362648008369AC /* Helpers.swift */,
				5D8FFA391AAB0AB80078869E /* IndexTests.swift */,
				BCE2E9841E23949D00F189F3 /* MockNetworkReachability.swift */,
				BCDA737D1CA555070082B197 /* MockURLSession.swift */,
				BCDA73771CA546800082B197 /* NetworkTests.swift */,
				BC72244C1D9C137B00B56908 /* OnlineTestCase.swift */,
				BC4DDF0D1DD133AD004D9A6E /* PlacesClientTests.swift */,
				BC4DDF121DD13423004D9A6E /* PlacesQueryTests.swift */,
				BC0A01631C9C19CD00CD4A7C /* QueryTests.swift */,
				BCD57D381D89B1EA00C5DE68 /* Offline */,
				5D74958E1A8E25A600B0263F /* Supporting Files */,
				BC582C5C1D82B453007B815A /* ObjectiveCBridging.m */,
				BC85EA721D82C8FD009E9E7D /* Tests-Bridging-Header.h */,
			);
			path = Tests;
			sourceTree = "<group>";
		};
		5D74958E1A8E25A600B0263F /* Supporting Files */ = {
			isa = PBXGroup;
			children = (
				5D74958F1A8E25A600B0263F /* Info.plist */,
			);
			name = "Supporting Files";
			sourceTree = "<group>";
		};
		7C5DBBEB5C2A87A8C7209842 /* Pods */ = {
			isa = PBXGroup;
			children = (
				023CDD2C3787987952D42EF3 /* Pods-AlgoliaSearch-Offline-iOS.debug.xcconfig */,
				56CE2ADBC0FD4C74E49C5EAB /* Pods-AlgoliaSearch-Offline-iOS.release.xcconfig */,
				5E6CE9BF44D9DA7D61A5AB03 /* Pods-AlgoliaSearch-Offline-iOS-Tests.debug.xcconfig */,
				338B6F8A06C1FD27C2AFCE17 /* Pods-AlgoliaSearch-Offline-iOS-Tests.release.xcconfig */,
			);
			name = Pods;
			sourceTree = "<group>";
		};
		BC09F7751CAE742800ABB395 /* Helpers */ = {
			isa = PBXGroup;
			children = (
				BC09F7761CAE743900ABB395 /* BrowseIterator.swift */,
				BCD57D1E1D89947500C5DE68 /* DisjunctiveFaceting.swift */,
			);
			path = Helpers;
			sourceTree = "<group>";
		};
		BC0A015F1C9BEDE000CD4A7C /* Offline */ = {
			isa = PBXGroup;
			children = (
				BC0A01601C9BEDE000CD4A7C /* MirroredIndex.swift */,
				BC0A01611C9BEDE000CD4A7C /* MirrorSettings.swift */,
				BCD57D241D89970D00C5DE68 /* MultipleQueryEmulator.swift */,
				BC0A01621C9BEDE000CD4A7C /* OfflineClient.swift */,
				BCD57D251D89970D00C5DE68 /* OfflineIndex.swift */,
			);
			path = Offline;
			sourceTree = "<group>";
		};
		BCD57D381D89B1EA00C5DE68 /* Offline */ = {
			isa = PBXGroup;
			children = (
				BCFC281B1D92660C00BFE0A0 /* MirroredIndexTests.swift */,
				BCE2E9891E239D5C00F189F3 /* MockNetworkReachability.swift */,
				BCD57D391D89B1EA00C5DE68 /* OfflineClientTests.swift */,
				BCD57D3A1D89B1EA00C5DE68 /* OfflineIndexTests.swift */,
				BCD57D3B1D89B1EA00C5DE68 /* OfflineTestCase.swift */,
				BC6267ED1D8FE4180014C767 /* OfflineObjcBridging.m */,
				BCEE36801E0830810091D113 /* settings.json */,
				BCEE36821E08309F0091D113 /* objects.json */,
			);
			path = Offline;
			sourceTree = "<group>";
		};
/* End PBXGroup section */

/* Begin PBXHeadersBuildPhase section */
		5D74957B1A8E25A600B0263F /* Headers */ = {
			isa = PBXHeadersBuildPhase;
			buildActionMask = 2147483647;
			files = (
			);
			runOnlyForDeploymentPostprocessing = 0;
		};
		5DB2513A1AAD9EE300945339 /* Headers */ = {
			isa = PBXHeadersBuildPhase;
			buildActionMask = 2147483647;
			files = (
			);
			runOnlyForDeploymentPostprocessing = 0;
		};
		BC23A6E91D63539A00DF9034 /* Headers */ = {
			isa = PBXHeadersBuildPhase;
			buildActionMask = 2147483647;
			files = (
			);
			runOnlyForDeploymentPostprocessing = 0;
		};
		BC4BD28E1D54E48900170ECC /* Headers */ = {
			isa = PBXHeadersBuildPhase;
			buildActionMask = 2147483647;
			files = (
			);
			runOnlyForDeploymentPostprocessing = 0;
		};
		BCD1F5471CC61C8D0006E227 /* Headers */ = {
			isa = PBXHeadersBuildPhase;
			buildActionMask = 2147483647;
			files = (
			);
			runOnlyForDeploymentPostprocessing = 0;
		};
/* End PBXHeadersBuildPhase section */

/* Begin PBXNativeTarget section */
		5D74957D1A8E25A600B0263F /* AlgoliaSearch OSX */ = {
			isa = PBXNativeTarget;
			buildConfigurationList = 5D7495941A8E25A600B0263F /* Build configuration list for PBXNativeTarget "AlgoliaSearch OSX" */;
			buildPhases = (
				5D7495791A8E25A600B0263F /* Sources */,
				5D74957A1A8E25A600B0263F /* Frameworks */,
				5D74957B1A8E25A600B0263F /* Headers */,
			);
			buildRules = (
			);
			dependencies = (
			);
			name = "AlgoliaSearch OSX";
			productName = AlgoliaSearch;
			productReference = 5D74957E1A8E25A600B0263F /* AlgoliaSearch.framework */;
			productType = "com.apple.product-type.framework";
		};
		5D7495881A8E25A600B0263F /* AlgoliaSearch OSX Tests */ = {
			isa = PBXNativeTarget;
			buildConfigurationList = 5D7495971A8E25A600B0263F /* Build configuration list for PBXNativeTarget "AlgoliaSearch OSX Tests" */;
			buildPhases = (
				5D7495851A8E25A600B0263F /* Sources */,
				5D7495861A8E25A600B0263F /* Frameworks */,
				5D7495871A8E25A600B0263F /* Resources */,
			);
			buildRules = (
			);
			dependencies = (
				5D74958C1A8E25A600B0263F /* PBXTargetDependency */,
			);
			name = "AlgoliaSearch OSX Tests";
			productName = AlgoliaSearchTests;
			productReference = 5D7495891A8E25A600B0263F /* AlgoliaSearch OSX Tests.xctest */;
			productType = "com.apple.product-type.bundle.unit-test";
		};
		5DB2513C1AAD9EE300945339 /* AlgoliaSearch iOS */ = {
			isa = PBXNativeTarget;
			buildConfigurationList = 5DB251501AAD9EE400945339 /* Build configuration list for PBXNativeTarget "AlgoliaSearch iOS" */;
			buildPhases = (
				5DB251381AAD9EE300945339 /* Sources */,
				5DB251391AAD9EE300945339 /* Frameworks */,
				5DB2513A1AAD9EE300945339 /* Headers */,
				5DB2513B1AAD9EE300945339 /* Resources */,
			);
			buildRules = (
			);
			dependencies = (
			);
			name = "AlgoliaSearch iOS";
			productName = AlgoliaSarch;
			productReference = 5DB2513D1AAD9EE300945339 /* AlgoliaSearch.framework */;
			productType = "com.apple.product-type.framework";
		};
		5DB251461AAD9EE400945339 /* AlgoliaSearch iOS Tests */ = {
			isa = PBXNativeTarget;
			buildConfigurationList = 5DB251531AAD9EE400945339 /* Build configuration list for PBXNativeTarget "AlgoliaSearch iOS Tests" */;
			buildPhases = (
				5DB251431AAD9EE400945339 /* Sources */,
				5DB251441AAD9EE400945339 /* Frameworks */,
				5DB251451AAD9EE400945339 /* Resources */,
			);
			buildRules = (
			);
			dependencies = (
				5DB2514A1AAD9EE400945339 /* PBXTargetDependency */,
			);
			name = "AlgoliaSearch iOS Tests";
			productName = AlgoliaSarchTests;
			productReference = 5DB251471AAD9EE400945339 /* AlgoliaSearch iOS Tests.xctest */;
			productType = "com.apple.product-type.bundle.unit-test";
		};
		BC23A6EB1D63539A00DF9034 /* AlgoliaSearch watchOS */ = {
			isa = PBXNativeTarget;
			buildConfigurationList = BC23A6F31D63539B00DF9034 /* Build configuration list for PBXNativeTarget "AlgoliaSearch watchOS" */;
			buildPhases = (
				BC23A6E71D63539A00DF9034 /* Sources */,
				BC23A6E81D63539A00DF9034 /* Frameworks */,
				BC23A6E91D63539A00DF9034 /* Headers */,
				BC23A6EA1D63539A00DF9034 /* Resources */,
			);
			buildRules = (
			);
			dependencies = (
			);
			name = "AlgoliaSearch watchOS";
			productName = "AlgoliaSearch watchOS";
			productReference = BC23A6EC1D63539A00DF9034 /* AlgoliaSearch.framework */;
			productType = "com.apple.product-type.framework";
		};
		BC4BD2801D54E48900170ECC /* AlgoliaSearch-Offline-iOS */ = {
			isa = PBXNativeTarget;
			buildConfigurationList = BC4BD2901D54E48900170ECC /* Build configuration list for PBXNativeTarget "AlgoliaSearch-Offline-iOS" */;
			buildPhases = (
				3AF37CBD602CFF400AC66E66 /* [CP] Check Pods Manifest.lock */,
				BC4BD2811D54E48900170ECC /* Sources */,
				BC4BD28D1D54E48900170ECC /* Frameworks */,
				BC4BD28E1D54E48900170ECC /* Headers */,
				BC4BD28F1D54E48900170ECC /* Resources */,
				3E9ACF76AC43DF35A9A2C8CF /* [CP] Copy Pods Resources */,
			);
			buildRules = (
			);
			dependencies = (
			);
			name = "AlgoliaSearch-Offline-iOS";
			productName = AlgoliaSarch;
			productReference = BC4BD2931D54E48900170ECC /* AlgoliaSearchOffline.framework */;
			productType = "com.apple.product-type.framework";
		};
		BCD1F5491CC61C8D0006E227 /* AlgoliaSearch tvOS */ = {
			isa = PBXNativeTarget;
			buildConfigurationList = BCD1F55F1CC61C8D0006E227 /* Build configuration list for PBXNativeTarget "AlgoliaSearch tvOS" */;
			buildPhases = (
				BCD1F5451CC61C8D0006E227 /* Sources */,
				BCD1F5461CC61C8D0006E227 /* Frameworks */,
				BCD1F5471CC61C8D0006E227 /* Headers */,
				BCD1F5481CC61C8D0006E227 /* Resources */,
			);
			buildRules = (
			);
			dependencies = (
			);
			name = "AlgoliaSearch tvOS";
			productName = AlgoliaSearch;
			productReference = BCD1F54A1CC61C8D0006E227 /* AlgoliaSearch.framework */;
			productType = "com.apple.product-type.framework";
		};
		BCD1F5521CC61C8D0006E227 /* AlgoliaSearch tvOS Tests */ = {
			isa = PBXNativeTarget;
			buildConfigurationList = BCD1F5601CC61C8D0006E227 /* Build configuration list for PBXNativeTarget "AlgoliaSearch tvOS Tests" */;
			buildPhases = (
				BCD1F54F1CC61C8D0006E227 /* Sources */,
				BCD1F5501CC61C8D0006E227 /* Frameworks */,
				BCD1F5511CC61C8D0006E227 /* Resources */,
			);
			buildRules = (
			);
			dependencies = (
				BCD1F5561CC61C8D0006E227 /* PBXTargetDependency */,
			);
			name = "AlgoliaSearch tvOS Tests";
			productName = AlgoliaSearchTests;
			productReference = BCD1F5531CC61C8D0006E227 /* AlgoliaSearch tvOS Tests.xctest */;
			productType = "com.apple.product-type.bundle.unit-test";
		};
		BCD57D2B1D89B12E00C5DE68 /* AlgoliaSearch-Offline-iOS-Tests */ = {
			isa = PBXNativeTarget;
			buildConfigurationList = BCD57D361D89B12E00C5DE68 /* Build configuration list for PBXNativeTarget "AlgoliaSearch-Offline-iOS-Tests" */;
			buildPhases = (
				0ED0CB692FFE96DE2E10E86A /* [CP] Check Pods Manifest.lock */,
				BCD57D281D89B12E00C5DE68 /* Sources */,
				BCD57D291D89B12E00C5DE68 /* Frameworks */,
				BCD57D2A1D89B12E00C5DE68 /* Resources */,
				FFB15CD83AE3ED3EF70265E7 /* [CP] Embed Pods Frameworks */,
				90D597CF2D46D3B93CB42DA0 /* [CP] Copy Pods Resources */,
			);
			buildRules = (
			);
			dependencies = (
				BCD57D331D89B12E00C5DE68 /* PBXTargetDependency */,
			);
			name = "AlgoliaSearch-Offline-iOS-Tests";
			productName = AlgoliaSearchTests;
			productReference = BCD57D2C1D89B12E00C5DE68 /* AlgoliaSearch-Offline-iOS-Tests.xctest */;
			productType = "com.apple.product-type.bundle.unit-test";
		};
/* End PBXNativeTarget section */

/* Begin PBXProject section */
		5D7495751A8E25A600B0263F /* Project object */ = {
			isa = PBXProject;
			attributes = {
				LastSwiftMigration = 0700;
				LastSwiftUpdateCheck = 0800;
				LastUpgradeCheck = 0800;
				ORGANIZATIONNAME = Algolia;
				TargetAttributes = {
					5D74957D1A8E25A600B0263F = {
						CreatedOnToolsVersion = 6.1.1;
					};
					5D7495881A8E25A600B0263F = {
						CreatedOnToolsVersion = 6.1.1;
					};
					5DB2513C1AAD9EE300945339 = {
						CreatedOnToolsVersion = 6.1.1;
						LastSwiftMigration = 0800;
					};
					5DB251461AAD9EE400945339 = {
						CreatedOnToolsVersion = 6.1.1;
						LastSwiftMigration = 0800;
					};
					BC23A6EB1D63539A00DF9034 = {
						CreatedOnToolsVersion = 7.3.1;
					};
					BC4BD2801D54E48900170ECC = {
						LastSwiftMigration = 0800;
					};
					BCD1F5491CC61C8D0006E227 = {
						CreatedOnToolsVersion = 7.3;
					};
					BCD1F5521CC61C8D0006E227 = {
						CreatedOnToolsVersion = 7.3;
					};
					BCD57D2B1D89B12E00C5DE68 = {
						CreatedOnToolsVersion = 8.0;
						DevelopmentTeam = 5RDFJYUV23;
						ProvisioningStyle = Automatic;
					};
				};
			};
			buildConfigurationList = 5D7495781A8E25A600B0263F /* Build configuration list for PBXProject "AlgoliaSearch" */;
			compatibilityVersion = "Xcode 3.2";
			developmentRegion = English;
			hasScannedForEncodings = 0;
			knownRegions = (
				en,
			);
			mainGroup = 5D7495741A8E25A600B0263F;
			productRefGroup = 5D74957F1A8E25A600B0263F /* Products */;
			projectDirPath = "";
			projectRoot = "";
			targets = (
				5D74957D1A8E25A600B0263F /* AlgoliaSearch OSX */,
				5D7495881A8E25A600B0263F /* AlgoliaSearch OSX Tests */,
				5DB2513C1AAD9EE300945339 /* AlgoliaSearch iOS */,
				5DB251461AAD9EE400945339 /* AlgoliaSearch iOS Tests */,
				BCD1F5491CC61C8D0006E227 /* AlgoliaSearch tvOS */,
				BCD1F5521CC61C8D0006E227 /* AlgoliaSearch tvOS Tests */,
				BC4BD2801D54E48900170ECC /* AlgoliaSearch-Offline-iOS */,
				BCD57D2B1D89B12E00C5DE68 /* AlgoliaSearch-Offline-iOS-Tests */,
				BC23A6EB1D63539A00DF9034 /* AlgoliaSearch watchOS */,
			);
		};
/* End PBXProject section */

/* Begin PBXResourcesBuildPhase section */
		5D7495871A8E25A600B0263F /* Resources */ = {
			isa = PBXResourcesBuildPhase;
			buildActionMask = 2147483647;
			files = (
			);
			runOnlyForDeploymentPostprocessing = 0;
		};
		5DB2513B1AAD9EE300945339 /* Resources */ = {
			isa = PBXResourcesBuildPhase;
			buildActionMask = 2147483647;
			files = (
			);
			runOnlyForDeploymentPostprocessing = 0;
		};
		5DB251451AAD9EE400945339 /* Resources */ = {
			isa = PBXResourcesBuildPhase;
			buildActionMask = 2147483647;
			files = (
			);
			runOnlyForDeploymentPostprocessing = 0;
		};
		BC23A6EA1D63539A00DF9034 /* Resources */ = {
			isa = PBXResourcesBuildPhase;
			buildActionMask = 2147483647;
			files = (
			);
			runOnlyForDeploymentPostprocessing = 0;
		};
		BC4BD28F1D54E48900170ECC /* Resources */ = {
			isa = PBXResourcesBuildPhase;
			buildActionMask = 2147483647;
			files = (
			);
			runOnlyForDeploymentPostprocessing = 0;
		};
		BCD1F5481CC61C8D0006E227 /* Resources */ = {
			isa = PBXResourcesBuildPhase;
			buildActionMask = 2147483647;
			files = (
			);
			runOnlyForDeploymentPostprocessing = 0;
		};
		BCD1F5511CC61C8D0006E227 /* Resources */ = {
			isa = PBXResourcesBuildPhase;
			buildActionMask = 2147483647;
			files = (
			);
			runOnlyForDeploymentPostprocessing = 0;
		};
		BCD57D2A1D89B12E00C5DE68 /* Resources */ = {
			isa = PBXResourcesBuildPhase;
			buildActionMask = 2147483647;
			files = (
				BCEE36831E08309F0091D113 /* objects.json in Resources */,
				BCEE36811E0830810091D113 /* settings.json in Resources */,
			);
			runOnlyForDeploymentPostprocessing = 0;
		};
/* End PBXResourcesBuildPhase section */

/* Begin PBXShellScriptBuildPhase section */
		0ED0CB692FFE96DE2E10E86A /* [CP] Check Pods Manifest.lock */ = {
			isa = PBXShellScriptBuildPhase;
			buildActionMask = 2147483647;
			files = (
			);
			inputPaths = (
			);
			name = "[CP] Check Pods Manifest.lock";
			outputPaths = (
			);
			runOnlyForDeploymentPostprocessing = 0;
			shellPath = /bin/sh;
			shellScript = "diff \"${PODS_ROOT}/../Podfile.lock\" \"${PODS_ROOT}/Manifest.lock\" > /dev/null\nif [ $? != 0 ] ; then\n    # print error to STDERR\n    echo \"error: The sandbox is not in sync with the Podfile.lock. Run 'pod install' or update your CocoaPods installation.\" >&2\n    exit 1\nfi\n";
			showEnvVarsInLog = 0;
		};
		3AF37CBD602CFF400AC66E66 /* [CP] Check Pods Manifest.lock */ = {
			isa = PBXShellScriptBuildPhase;
			buildActionMask = 2147483647;
			files = (
			);
			inputPaths = (
			);
			name = "[CP] Check Pods Manifest.lock";
			outputPaths = (
			);
			runOnlyForDeploymentPostprocessing = 0;
			shellPath = /bin/sh;
			shellScript = "diff \"${PODS_ROOT}/../Podfile.lock\" \"${PODS_ROOT}/Manifest.lock\" > /dev/null\nif [ $? != 0 ] ; then\n    # print error to STDERR\n    echo \"error: The sandbox is not in sync with the Podfile.lock. Run 'pod install' or update your CocoaPods installation.\" >&2\n    exit 1\nfi\n";
			showEnvVarsInLog = 0;
		};
		3E9ACF76AC43DF35A9A2C8CF /* [CP] Copy Pods Resources */ = {
			isa = PBXShellScriptBuildPhase;
			buildActionMask = 2147483647;
			files = (
			);
			inputPaths = (
			);
			name = "[CP] Copy Pods Resources";
			outputPaths = (
			);
			runOnlyForDeploymentPostprocessing = 0;
			shellPath = /bin/sh;
			shellScript = "\"${SRCROOT}/Pods/Target Support Files/Pods-AlgoliaSearch-Offline-iOS/Pods-AlgoliaSearch-Offline-iOS-resources.sh\"\n";
			showEnvVarsInLog = 0;
		};
		90D597CF2D46D3B93CB42DA0 /* [CP] Copy Pods Resources */ = {
			isa = PBXShellScriptBuildPhase;
			buildActionMask = 2147483647;
			files = (
			);
			inputPaths = (
			);
			name = "[CP] Copy Pods Resources";
			outputPaths = (
			);
			runOnlyForDeploymentPostprocessing = 0;
			shellPath = /bin/sh;
			shellScript = "\"${SRCROOT}/Pods/Target Support Files/Pods-AlgoliaSearch-Offline-iOS-Tests/Pods-AlgoliaSearch-Offline-iOS-Tests-resources.sh\"\n";
			showEnvVarsInLog = 0;
		};
		FFB15CD83AE3ED3EF70265E7 /* [CP] Embed Pods Frameworks */ = {
			isa = PBXShellScriptBuildPhase;
			buildActionMask = 2147483647;
			files = (
			);
			inputPaths = (
			);
			name = "[CP] Embed Pods Frameworks";
			outputPaths = (
			);
			runOnlyForDeploymentPostprocessing = 0;
			shellPath = /bin/sh;
			shellScript = "\"${SRCROOT}/Pods/Target Support Files/Pods-AlgoliaSearch-Offline-iOS-Tests/Pods-AlgoliaSearch-Offline-iOS-Tests-frameworks.sh\"\n";
			showEnvVarsInLog = 0;
		};
/* End PBXShellScriptBuildPhase section */

/* Begin PBXSourcesBuildPhase section */
		5D7495791A8E25A600B0263F /* Sources */ = {
			isa = PBXSourcesBuildPhase;
			buildActionMask = 2147483647;
			files = (
				BCC83C3E1F0E76BF002CD846 /* RequestOptions.swift in Sources */,
				BC0A015A1C9BEDB200CD4A7C /* Error.swift in Sources */,
				BC68BC571CB69776007F9655 /* IndexQuery.swift in Sources */,
				5D67400F1B4AA22600B326EC /* Cache.swift in Sources */,
				BC4DDF081DD12BCC004D9A6E /* PlacesQuery.swift in Sources */,
				BC4DDEF61DD10EBA004D9A6E /* Types.swift in Sources */,
				BC3DC7541E02DD7B00862F5B /* NetworkReachability.swift in Sources */,
				BC4A7F391CB5308100AF1DCB /* AsyncOperation.swift in Sources */,
				5DECA2DA1A960BC5001A6088 /* Index.swift in Sources */,
				BC4DDEFC1DD11527004D9A6E /* PlacesClient.swift in Sources */,
				BCD57D1F1D89947500C5DE68 /* DisjunctiveFaceting.swift in Sources */,
				BC4DDF021DD11697004D9A6E /* AbstractQuery.swift in Sources */,
				BC28C4D71E5B5A0E00EFC4A0 /* Searchable.swift in Sources */,
				BC4DDEF01DD10E8B004D9A6E /* AbstractClient.swift in Sources */,
				5D09E1DC1AC0773A00B799A6 /* Network.swift in Sources */,
				5D7495A21A8E277400B0263F /* Client.swift in Sources */,
				5D7495A71A8E499B00B0263F /* Query.swift in Sources */,
				BC01E66D1CA43CEE0067670B /* Request.swift in Sources */,
				5D7495A11A8E277400B0263F /* Helpers.swift in Sources */,
				BC09F7771CAE743900ABB395 /* BrowseIterator.swift in Sources */,
			);
			runOnlyForDeploymentPostprocessing = 0;
		};
		5D7495851A8E25A600B0263F /* Sources */ = {
			isa = PBXSourcesBuildPhase;
			buildActionMask = 2147483647;
			files = (
				BC09F77C1CAE80B200ABB395 /* BrowseIteratorTests.swift in Sources */,
				BC0A01641C9C19CD00CD4A7C /* QueryTests.swift in Sources */,
				BC72244D1D9C137B00B56908 /* OnlineTestCase.swift in Sources */,
				5D8FFA381AAB08830078869E /* ClientTests.swift in Sources */,
				BCDA73781CA546800082B197 /* NetworkTests.swift in Sources */,
				BCDA737E1CA555070082B197 /* MockURLSession.swift in Sources */,
				BC4DDF131DD13423004D9A6E /* PlacesQueryTests.swift in Sources */,
				BC4A7F3C1CB5373E00AF1DCB /* CancelTests.swift in Sources */,
				BCE2E9851E23949D00F189F3 /* MockNetworkReachability.swift in Sources */,
				5D44D0271B362648008369AC /* Helpers.swift in Sources */,
				5D8FFA3A1AAB0AB80078869E /* IndexTests.swift in Sources */,
				BC85EA701D82C8C3009E9E7D /* ObjectiveCBridging.m in Sources */,
				BC4DDF0E1DD133AD004D9A6E /* PlacesClientTests.swift in Sources */,
			);
			runOnlyForDeploymentPostprocessing = 0;
		};
		5DB251381AAD9EE300945339 /* Sources */ = {
			isa = PBXSourcesBuildPhase;
			buildActionMask = 2147483647;
			files = (
				BCC83C3F1F0E76BF002CD846 /* RequestOptions.swift in Sources */,
				BC0A015B1C9BEDB200CD4A7C /* Error.swift in Sources */,
				BC68BC581CB69776007F9655 /* IndexQuery.swift in Sources */,
				5D6740101B4AA22600B326EC /* Cache.swift in Sources */,
				BC4DDF091DD12BCC004D9A6E /* PlacesQuery.swift in Sources */,
				BC4DDEF71DD10EBA004D9A6E /* Types.swift in Sources */,
				BC3DC7531E02DD7A00862F5B /* NetworkReachability.swift in Sources */,
				BC4A7F3A1CB5308100AF1DCB /* AsyncOperation.swift in Sources */,
				5DB2515C1AAD9F3300945339 /* Helpers.swift in Sources */,
				BC4DDEFD1DD11527004D9A6E /* PlacesClient.swift in Sources */,
				BCD57D201D89947500C5DE68 /* DisjunctiveFaceting.swift in Sources */,
				BC4DDF031DD11697004D9A6E /* AbstractQuery.swift in Sources */,
				BC28C4D81E5B5A0E00EFC4A0 /* Searchable.swift in Sources */,
				BC4DDEF11DD10E8B004D9A6E /* AbstractClient.swift in Sources */,
				5DB251591AAD9F2A00945339 /* Query.swift in Sources */,
				5D09E1DD1AC0773A00B799A6 /* Network.swift in Sources */,
				5DB251581AAD9F2700945339 /* Client.swift in Sources */,
				5DB2515A1AAD9F2D00945339 /* Index.swift in Sources */,
				BC01E66E1CA43CEE0067670B /* Request.swift in Sources */,
				BC09F7781CAE743900ABB395 /* BrowseIterator.swift in Sources */,
			);
			runOnlyForDeploymentPostprocessing = 0;
		};
		5DB251431AAD9EE400945339 /* Sources */ = {
			isa = PBXSourcesBuildPhase;
			buildActionMask = 2147483647;
			files = (
				BC09F77D1CAE80B300ABB395 /* BrowseIteratorTests.swift in Sources */,
				BC0A01651C9C19CD00CD4A7C /* QueryTests.swift in Sources */,
				BC72244E1D9C137B00B56908 /* OnlineTestCase.swift in Sources */,
				5DB2515E1AAD9F3F00945339 /* ClientTests.swift in Sources */,
				BCDA73791CA546800082B197 /* NetworkTests.swift in Sources */,
				BCDA737F1CA555070082B197 /* MockURLSession.swift in Sources */,
				BC4DDF141DD13423004D9A6E /* PlacesQueryTests.swift in Sources */,
				BC4A7F3D1CB5373E00AF1DCB /* CancelTests.swift in Sources */,
				BCE2E9861E23949D00F189F3 /* MockNetworkReachability.swift in Sources */,
				5D44D0281B362648008369AC /* Helpers.swift in Sources */,
				5DB2515D1AAD9F3B00945339 /* IndexTests.swift in Sources */,
				BC582C5D1D82B453007B815A /* ObjectiveCBridging.m in Sources */,
				BC4DDF0F1DD133AD004D9A6E /* PlacesClientTests.swift in Sources */,
			);
			runOnlyForDeploymentPostprocessing = 0;
		};
		BC23A6E71D63539A00DF9034 /* Sources */ = {
			isa = PBXSourcesBuildPhase;
			buildActionMask = 2147483647;
			files = (
				BCC83C421F0E76BF002CD846 /* RequestOptions.swift in Sources */,
				BC23A6F71D63541500DF9034 /* Error.swift in Sources */,
				BC23A6FC1D63541500DF9034 /* Query.swift in Sources */,
				BC23A6F51D63541500DF9034 /* Cache.swift in Sources */,
				BC4DDF0C1DD12BCC004D9A6E /* PlacesQuery.swift in Sources */,
				BC4DDEFA1DD10EBA004D9A6E /* Types.swift in Sources */,
				BCD4B5351E13FE5E00838E02 /* NetworkReachability.swift in Sources */,
				BC23A6FB1D63541500DF9034 /* Network.swift in Sources */,
				BC23A6F91D63541500DF9034 /* Index.swift in Sources */,
				BC4DDF001DD11527004D9A6E /* PlacesClient.swift in Sources */,
				BCD57D231D89947500C5DE68 /* DisjunctiveFaceting.swift in Sources */,
				BC4DDF061DD11697004D9A6E /* AbstractQuery.swift in Sources */,
				BC28C4DB1E5B5A0E00EFC4A0 /* Searchable.swift in Sources */,
				BC4DDEF41DD10E8B004D9A6E /* AbstractClient.swift in Sources */,
				BC23A6F41D63541500DF9034 /* AsyncOperation.swift in Sources */,
				BC23A6F81D63541500DF9034 /* Helpers.swift in Sources */,
				BC23A6FD1D63541500DF9034 /* Request.swift in Sources */,
				BC23A6FE1D63541B00DF9034 /* BrowseIterator.swift in Sources */,
				BC23A6F61D63541500DF9034 /* Client.swift in Sources */,
				BC23A6FA1D63541500DF9034 /* IndexQuery.swift in Sources */,
			);
			runOnlyForDeploymentPostprocessing = 0;
		};
		BC4BD2811D54E48900170ECC /* Sources */ = {
			isa = PBXSourcesBuildPhase;
			buildActionMask = 2147483647;
			files = (
				BCC83C411F0E76BF002CD846 /* RequestOptions.swift in Sources */,
				BC15FAC11E01C041005E3B56 /* NetworkReachability.swift in Sources */,
				BC4BD2821D54E48900170ECC /* Error.swift in Sources */,
				BCD57D261D89970D00C5DE68 /* MultipleQueryEmulator.swift in Sources */,
				BC4BD2831D54E48900170ECC /* IndexQuery.swift in Sources */,
				BC4BD2951D54E50000170ECC /* MirroredIndex.swift in Sources */,
				BC4DDEF91DD10EBA004D9A6E /* Types.swift in Sources */,
				BC4BD2841D54E48900170ECC /* Cache.swift in Sources */,
				BC4BD2851D54E48900170ECC /* AsyncOperation.swift in Sources */,
				BC4BD2861D54E48900170ECC /* Helpers.swift in Sources */,
				BC4BD2871D54E48900170ECC /* Query.swift in Sources */,
				BC4BD2881D54E48900170ECC /* Network.swift in Sources */,
				BC4DDF051DD11697004D9A6E /* AbstractQuery.swift in Sources */,
				BCD57D271D89970D00C5DE68 /* OfflineIndex.swift in Sources */,
				BC28C4DA1E5B5A0E00EFC4A0 /* Searchable.swift in Sources */,
				BCD57D221D89947500C5DE68 /* DisjunctiveFaceting.swift in Sources */,
				BC4BD2891D54E48900170ECC /* Client.swift in Sources */,
				BC4BD2961D54E50000170ECC /* MirrorSettings.swift in Sources */,
				BC4DDEF31DD10E8B004D9A6E /* AbstractClient.swift in Sources */,
				BC4BD2971D54E50000170ECC /* OfflineClient.swift in Sources */,
				BC4DDEFF1DD11527004D9A6E /* PlacesClient.swift in Sources */,
				BC4BD28A1D54E48900170ECC /* Index.swift in Sources */,
				BC4BD28B1D54E48900170ECC /* Request.swift in Sources */,
				BC4DDF0B1DD12BCC004D9A6E /* PlacesQuery.swift in Sources */,
				BC4BD28C1D54E48900170ECC /* BrowseIterator.swift in Sources */,
			);
			runOnlyForDeploymentPostprocessing = 0;
		};
		BCD1F5451CC61C8D0006E227 /* Sources */ = {
			isa = PBXSourcesBuildPhase;
			buildActionMask = 2147483647;
			files = (
				BCC83C401F0E76BF002CD846 /* RequestOptions.swift in Sources */,
				BCD1F5641CC61D090006E227 /* Error.swift in Sources */,
				BCD1F5691CC61D1A0006E227 /* Query.swift in Sources */,
				BCD1F5621CC61D020006E227 /* Cache.swift in Sources */,
				BC4DDF0A1DD12BCC004D9A6E /* PlacesQuery.swift in Sources */,
				BC4DDEF81DD10EBA004D9A6E /* Types.swift in Sources */,
				BC3DC7521E02DD7900862F5B /* NetworkReachability.swift in Sources */,
				BCD1F56C1CC61D2D0006E227 /* BrowseIterator.swift in Sources */,
				BCD1F5681CC61D160006E227 /* Network.swift in Sources */,
				BC4DDEFE1DD11527004D9A6E /* PlacesClient.swift in Sources */,
				BCD57D211D89947500C5DE68 /* DisjunctiveFaceting.swift in Sources */,
				BC4DDF041DD11697004D9A6E /* AbstractQuery.swift in Sources */,
				BC28C4D91E5B5A0E00EFC4A0 /* Searchable.swift in Sources */,
				BC4DDEF21DD10E8B004D9A6E /* AbstractClient.swift in Sources */,
				BCD1F5661CC61D100006E227 /* Index.swift in Sources */,
				BCD1F5611CC61CFE0006E227 /* AsyncOperation.swift in Sources */,
				BCD1F5651CC61D0D0006E227 /* Helpers.swift in Sources */,
				BCD1F56A1CC61D1D0006E227 /* Request.swift in Sources */,
				BCD1F5631CC61D050006E227 /* Client.swift in Sources */,
				BCD1F5671CC61D130006E227 /* IndexQuery.swift in Sources */,
			);
			runOnlyForDeploymentPostprocessing = 0;
		};
		BCD1F54F1CC61C8D0006E227 /* Sources */ = {
			isa = PBXSourcesBuildPhase;
			buildActionMask = 2147483647;
			files = (
				BCD1F5731CC61DB80006E227 /* NetworkTests.swift in Sources */,
				BCD1F5721CC61DB80006E227 /* MockURLSession.swift in Sources */,
				BC72244F1D9C137B00B56908 /* OnlineTestCase.swift in Sources */,
				BCD1F56D1CC61DB30006E227 /* BrowseIteratorTests.swift in Sources */,
				BCD1F56F1CC61DB80006E227 /* ClientTests.swift in Sources */,
				BCD1F5741CC61DB80006E227 /* QueryTests.swift in Sources */,
				BC4DDF151DD13423004D9A6E /* PlacesQueryTests.swift in Sources */,
				BCD1F5711CC61DB80006E227 /* IndexTests.swift in Sources */,
				BCE2E9871E23949D00F189F3 /* MockNetworkReachability.swift in Sources */,
				BCD1F56E1CC61DB80006E227 /* CancelTests.swift in Sources */,
				BCD1F5701CC61DB80006E227 /* Helpers.swift in Sources */,
				BC85EA711D82C8C4009E9E7D /* ObjectiveCBridging.m in Sources */,
				BC4DDF101DD133AD004D9A6E /* PlacesClientTests.swift in Sources */,
			);
			runOnlyForDeploymentPostprocessing = 0;
		};
		BCD57D281D89B12E00C5DE68 /* Sources */ = {
			isa = PBXSourcesBuildPhase;
			buildActionMask = 2147483647;
			files = (
				BCD57D3D1D89B1EA00C5DE68 /* OfflineIndexTests.swift in Sources */,
				BCFC281D1D92670100BFE0A0 /* Helpers.swift in Sources */,
				BCE2E98A1E239D5C00F189F3 /* MockNetworkReachability.swift in Sources */,
				BCD57D3E1D89B1EA00C5DE68 /* OfflineTestCase.swift in Sources */,
				BCFC281C1D92660C00BFE0A0 /* MirroredIndexTests.swift in Sources */,
				BCD57D3C1D89B1EA00C5DE68 /* OfflineClientTests.swift in Sources */,
				BC6267EE1D8FE4180014C767 /* OfflineObjcBridging.m in Sources */,
			);
			runOnlyForDeploymentPostprocessing = 0;
		};
/* End PBXSourcesBuildPhase section */

/* Begin PBXTargetDependency section */
		5D74958C1A8E25A600B0263F /* PBXTargetDependency */ = {
			isa = PBXTargetDependency;
			target = 5D74957D1A8E25A600B0263F /* AlgoliaSearch OSX */;
			targetProxy = 5D74958B1A8E25A600B0263F /* PBXContainerItemProxy */;
		};
		5DB2514A1AAD9EE400945339 /* PBXTargetDependency */ = {
			isa = PBXTargetDependency;
			target = 5DB2513C1AAD9EE300945339 /* AlgoliaSearch iOS */;
			targetProxy = 5DB251491AAD9EE400945339 /* PBXContainerItemProxy */;
		};
		BCD1F5561CC61C8D0006E227 /* PBXTargetDependency */ = {
			isa = PBXTargetDependency;
			target = BCD1F5491CC61C8D0006E227 /* AlgoliaSearch tvOS */;
			targetProxy = BCD1F5551CC61C8D0006E227 /* PBXContainerItemProxy */;
		};
		BCD57D331D89B12E00C5DE68 /* PBXTargetDependency */ = {
			isa = PBXTargetDependency;
			target = BC4BD2801D54E48900170ECC /* AlgoliaSearch-Offline-iOS */;
			targetProxy = BCD57D321D89B12E00C5DE68 /* PBXContainerItemProxy */;
		};
/* End PBXTargetDependency section */

/* Begin XCBuildConfiguration section */
		5D7495921A8E25A600B0263F /* Debug */ = {
			isa = XCBuildConfiguration;
			buildSettings = {
				ALWAYS_SEARCH_USER_PATHS = NO;
				CLANG_CXX_LANGUAGE_STANDARD = "gnu++0x";
				CLANG_CXX_LIBRARY = "libc++";
				CLANG_ENABLE_MODULES = NO;
				CLANG_ENABLE_OBJC_ARC = YES;
				CLANG_WARN_BOOL_CONVERSION = YES;
				CLANG_WARN_CONSTANT_CONVERSION = YES;
				CLANG_WARN_DIRECT_OBJC_ISA_USAGE = YES_ERROR;
				CLANG_WARN_EMPTY_BODY = YES;
				CLANG_WARN_ENUM_CONVERSION = YES;
				CLANG_WARN_INFINITE_RECURSION = YES;
				CLANG_WARN_INT_CONVERSION = YES;
				CLANG_WARN_OBJC_ROOT_CLASS = YES_ERROR;
				CLANG_WARN_SUSPICIOUS_MOVE = YES;
				CLANG_WARN_UNREACHABLE_CODE = YES;
				CLANG_WARN__DUPLICATE_METHOD_MATCH = YES;
				COPY_PHASE_STRIP = NO;
				CURRENT_PROJECT_VERSION = 1;
				ENABLE_STRICT_OBJC_MSGSEND = YES;
				ENABLE_TESTABILITY = YES;
				GCC_C_LANGUAGE_STANDARD = gnu99;
				GCC_DYNAMIC_NO_PIC = NO;
				GCC_NO_COMMON_BLOCKS = YES;
				GCC_OPTIMIZATION_LEVEL = 0;
				GCC_PREPROCESSOR_DEFINITIONS = (
					"DEBUG=1",
					"$(inherited)",
				);
				GCC_SYMBOLS_PRIVATE_EXTERN = NO;
				GCC_WARN_64_TO_32_BIT_CONVERSION = YES;
				GCC_WARN_ABOUT_RETURN_TYPE = YES_ERROR;
				GCC_WARN_UNDECLARED_SELECTOR = YES;
				GCC_WARN_UNINITIALIZED_AUTOS = YES_AGGRESSIVE;
				GCC_WARN_UNUSED_FUNCTION = YES;
				GCC_WARN_UNUSED_VARIABLE = YES;
				IPHONEOS_DEPLOYMENT_TARGET = 8.0;
				MACOSX_DEPLOYMENT_TARGET = 10.10;
				MTL_ENABLE_DEBUG_INFO = YES;
				ONLY_ACTIVE_ARCH = YES;
				OTHER_SWIFT_FLAGS = "-DDEBUG";
				SDKROOT = macosx;
				SWIFT_OPTIMIZATION_LEVEL = "-Onone";
				SWIFT_VERSION = 3.0;
				VERSIONING_SYSTEM = "apple-generic";
				VERSION_INFO_PREFIX = "";
			};
			name = Debug;
		};
		5D7495931A8E25A600B0263F /* Release */ = {
			isa = XCBuildConfiguration;
			buildSettings = {
				ALWAYS_SEARCH_USER_PATHS = NO;
				CLANG_CXX_LANGUAGE_STANDARD = "gnu++0x";
				CLANG_CXX_LIBRARY = "libc++";
				CLANG_ENABLE_MODULES = NO;
				CLANG_ENABLE_OBJC_ARC = YES;
				CLANG_WARN_BOOL_CONVERSION = YES;
				CLANG_WARN_CONSTANT_CONVERSION = YES;
				CLANG_WARN_DIRECT_OBJC_ISA_USAGE = YES_ERROR;
				CLANG_WARN_EMPTY_BODY = YES;
				CLANG_WARN_ENUM_CONVERSION = YES;
				CLANG_WARN_INFINITE_RECURSION = YES;
				CLANG_WARN_INT_CONVERSION = YES;
				CLANG_WARN_OBJC_ROOT_CLASS = YES_ERROR;
				CLANG_WARN_SUSPICIOUS_MOVE = YES;
				CLANG_WARN_UNREACHABLE_CODE = YES;
				CLANG_WARN__DUPLICATE_METHOD_MATCH = YES;
				COPY_PHASE_STRIP = YES;
				CURRENT_PROJECT_VERSION = 1;
				DEBUG_INFORMATION_FORMAT = "dwarf-with-dsym";
				ENABLE_NS_ASSERTIONS = NO;
				ENABLE_STRICT_OBJC_MSGSEND = YES;
				ENABLE_TESTABILITY = YES;
				GCC_C_LANGUAGE_STANDARD = gnu99;
				GCC_NO_COMMON_BLOCKS = YES;
				GCC_WARN_64_TO_32_BIT_CONVERSION = YES;
				GCC_WARN_ABOUT_RETURN_TYPE = YES_ERROR;
				GCC_WARN_UNDECLARED_SELECTOR = YES;
				GCC_WARN_UNINITIALIZED_AUTOS = YES_AGGRESSIVE;
				GCC_WARN_UNUSED_FUNCTION = YES;
				GCC_WARN_UNUSED_VARIABLE = YES;
				IPHONEOS_DEPLOYMENT_TARGET = 8.0;
				MACOSX_DEPLOYMENT_TARGET = 10.10;
				MTL_ENABLE_DEBUG_INFO = NO;
				SDKROOT = macosx;
				SWIFT_OPTIMIZATION_LEVEL = "-Owholemodule";
				SWIFT_VERSION = 3.0;
				VERSIONING_SYSTEM = "apple-generic";
				VERSION_INFO_PREFIX = "";
			};
			name = Release;
		};
		5D7495951A8E25A600B0263F /* Debug */ = {
			isa = XCBuildConfiguration;
			buildSettings = {
				APPLICATION_EXTENSION_API_ONLY = NO;
				CLANG_ENABLE_MODULES = YES;
				COMBINE_HIDPI_IMAGES = YES;
				DEFINES_MODULE = YES;
				DYLIB_COMPATIBILITY_VERSION = 1;
				DYLIB_CURRENT_VERSION = 1;
				DYLIB_INSTALL_NAME_BASE = "@rpath";
				FRAMEWORK_VERSION = A;
				INFOPLIST_FILE = "$(SRCROOT)/Source/Info.plist";
				INSTALL_PATH = "$(LOCAL_LIBRARY_DIR)/Frameworks";
				LD_RUNPATH_SEARCH_PATHS = "$(inherited) @executable_path/../Frameworks @loader_path/Frameworks";
				PRODUCT_BUNDLE_IDENTIFIER = "com.algolia.$(PRODUCT_NAME:rfc1034identifier)";
				PRODUCT_NAME = AlgoliaSearch;
				SDKROOT = macosx;
				SKIP_INSTALL = YES;
				SWIFT_OPTIMIZATION_LEVEL = "-Onone";
			};
			name = Debug;
		};
		5D7495961A8E25A600B0263F /* Release */ = {
			isa = XCBuildConfiguration;
			buildSettings = {
				APPLICATION_EXTENSION_API_ONLY = NO;
				CLANG_ENABLE_MODULES = YES;
				COMBINE_HIDPI_IMAGES = YES;
				DEFINES_MODULE = YES;
				DYLIB_COMPATIBILITY_VERSION = 1;
				DYLIB_CURRENT_VERSION = 1;
				DYLIB_INSTALL_NAME_BASE = "@rpath";
				FRAMEWORK_VERSION = A;
				INFOPLIST_FILE = "$(SRCROOT)/Source/Info.plist";
				INSTALL_PATH = "$(LOCAL_LIBRARY_DIR)/Frameworks";
				LD_RUNPATH_SEARCH_PATHS = "$(inherited) @executable_path/../Frameworks @loader_path/Frameworks";
				PRODUCT_BUNDLE_IDENTIFIER = "com.algolia.$(PRODUCT_NAME:rfc1034identifier)";
				PRODUCT_NAME = AlgoliaSearch;
				SDKROOT = macosx;
				SKIP_INSTALL = YES;
			};
			name = Release;
		};
		5D7495981A8E25A600B0263F /* Debug */ = {
			isa = XCBuildConfiguration;
			buildSettings = {
				CLANG_ENABLE_MODULES = YES;
				COMBINE_HIDPI_IMAGES = YES;
				GCC_PREPROCESSOR_DEFINITIONS = (
					"DEBUG=1",
					"$(inherited)",
				);
				INFOPLIST_FILE = Tests/Info.plist;
				LD_RUNPATH_SEARCH_PATHS = "$(inherited) @executable_path/../Frameworks @loader_path/../Frameworks";
				PRODUCT_BUNDLE_IDENTIFIER = "com.algolia.$(PRODUCT_NAME:rfc1034identifier)";
				PRODUCT_NAME = "$(TARGET_NAME)";
				SWIFT_OBJC_BRIDGING_HEADER = "Tests/Tests-Bridging-Header.h";
			};
			name = Debug;
		};
		5D7495991A8E25A600B0263F /* Release */ = {
			isa = XCBuildConfiguration;
			buildSettings = {
				CLANG_ENABLE_MODULES = YES;
				COMBINE_HIDPI_IMAGES = YES;
				INFOPLIST_FILE = Tests/Info.plist;
				LD_RUNPATH_SEARCH_PATHS = "$(inherited) @executable_path/../Frameworks @loader_path/../Frameworks";
				PRODUCT_BUNDLE_IDENTIFIER = "com.algolia.$(PRODUCT_NAME:rfc1034identifier)";
				PRODUCT_NAME = "$(TARGET_NAME)";
				SWIFT_OBJC_BRIDGING_HEADER = "Tests/Tests-Bridging-Header.h";
			};
			name = Release;
		};
		5DB251511AAD9EE400945339 /* Debug */ = {
			isa = XCBuildConfiguration;
			buildSettings = {
				APPLICATION_EXTENSION_API_ONLY = YES;
				CLANG_ENABLE_MODULES = YES;
				"CODE_SIGN_IDENTITY[sdk=iphoneos*]" = "";
				DEFINES_MODULE = YES;
				DYLIB_COMPATIBILITY_VERSION = 1;
				DYLIB_CURRENT_VERSION = 1;
				DYLIB_INSTALL_NAME_BASE = "@rpath";
				GCC_PREPROCESSOR_DEFINITIONS = (
					"DEBUG=1",
					"$(inherited)",
				);
				INFOPLIST_FILE = "$(SRCROOT)/Source/Info.plist";
				INSTALL_PATH = "$(LOCAL_LIBRARY_DIR)/Frameworks";
				LD_RUNPATH_SEARCH_PATHS = "$(inherited) @executable_path/Frameworks @loader_path/Frameworks";
				PRODUCT_BUNDLE_IDENTIFIER = "com.algolia.$(PRODUCT_NAME:rfc1034identifier)";
				PRODUCT_NAME = AlgoliaSearch;
				SDKROOT = iphoneos;
				SKIP_INSTALL = YES;
				TARGETED_DEVICE_FAMILY = "1,2";
			};
			name = Debug;
		};
		5DB251521AAD9EE400945339 /* Release */ = {
			isa = XCBuildConfiguration;
			buildSettings = {
				APPLICATION_EXTENSION_API_ONLY = YES;
				CLANG_ENABLE_MODULES = YES;
				"CODE_SIGN_IDENTITY[sdk=iphoneos*]" = "";
				DEFINES_MODULE = YES;
				DYLIB_COMPATIBILITY_VERSION = 1;
				DYLIB_CURRENT_VERSION = 1;
				DYLIB_INSTALL_NAME_BASE = "@rpath";
				INFOPLIST_FILE = "$(SRCROOT)/Source/Info.plist";
				INSTALL_PATH = "$(LOCAL_LIBRARY_DIR)/Frameworks";
				LD_RUNPATH_SEARCH_PATHS = "$(inherited) @executable_path/Frameworks @loader_path/Frameworks";
				PRODUCT_BUNDLE_IDENTIFIER = "com.algolia.$(PRODUCT_NAME:rfc1034identifier)";
				PRODUCT_NAME = AlgoliaSearch;
				SDKROOT = iphoneos;
				SKIP_INSTALL = YES;
				TARGETED_DEVICE_FAMILY = "1,2";
				VALIDATE_PRODUCT = YES;
			};
			name = Release;
		};
		5DB251541AAD9EE400945339 /* Debug */ = {
			isa = XCBuildConfiguration;
			buildSettings = {
				CLANG_ENABLE_MODULES = YES;
				CODE_SIGN_IDENTITY = "iPhone Developer";
				FRAMEWORK_SEARCH_PATHS = "$(inherited)";
				GCC_PREPROCESSOR_DEFINITIONS = (
					"DEBUG=1",
					"$(inherited)",
				);
				INFOPLIST_FILE = Tests/Info.plist;
				LD_RUNPATH_SEARCH_PATHS = "$(inherited) @executable_path/Frameworks @loader_path/Frameworks";
				PRODUCT_BUNDLE_IDENTIFIER = "com.algolia.$(PRODUCT_NAME:rfc1034identifier)";
				PRODUCT_NAME = "$(TARGET_NAME)";
				SDKROOT = iphoneos;
				SWIFT_OBJC_BRIDGING_HEADER = "Tests/Tests-Bridging-Header.h";
				SWIFT_OPTIMIZATION_LEVEL = "-Onone";
				SWIFT_VERSION = 3.0;
			};
			name = Debug;
		};
		5DB251551AAD9EE400945339 /* Release */ = {
			isa = XCBuildConfiguration;
			buildSettings = {
				CLANG_ENABLE_MODULES = YES;
				CODE_SIGN_IDENTITY = "iPhone Developer";
				FRAMEWORK_SEARCH_PATHS = "$(inherited)";
				INFOPLIST_FILE = Tests/Info.plist;
				LD_RUNPATH_SEARCH_PATHS = "$(inherited) @executable_path/Frameworks @loader_path/Frameworks";
				PRODUCT_BUNDLE_IDENTIFIER = "com.algolia.$(PRODUCT_NAME:rfc1034identifier)";
				PRODUCT_NAME = "$(TARGET_NAME)";
				SDKROOT = iphoneos;
				SWIFT_OBJC_BRIDGING_HEADER = "Tests/Tests-Bridging-Header.h";
				SWIFT_VERSION = 3.0;
				VALIDATE_PRODUCT = YES;
			};
			name = Release;
		};
		BC23A6F11D63539B00DF9034 /* Debug */ = {
			isa = XCBuildConfiguration;
			buildSettings = {
				APPLICATION_EXTENSION_API_ONLY = YES;
				CLANG_ANALYZER_NONNULL = YES;
				CLANG_ENABLE_MODULES = YES;
				"CODE_SIGN_IDENTITY[sdk=watchos*]" = "";
				DEBUG_INFORMATION_FORMAT = dwarf;
				DEFINES_MODULE = YES;
				DYLIB_COMPATIBILITY_VERSION = 1;
				DYLIB_CURRENT_VERSION = 1;
				DYLIB_INSTALL_NAME_BASE = "@rpath";
				GCC_NO_COMMON_BLOCKS = YES;
				INFOPLIST_FILE = Source/Info.plist;
				INSTALL_PATH = "$(LOCAL_LIBRARY_DIR)/Frameworks";
				LD_RUNPATH_SEARCH_PATHS = "$(inherited) @executable_path/Frameworks @loader_path/Frameworks";
				PRODUCT_BUNDLE_IDENTIFIER = com.algolia.AlgoliaSearch;
				PRODUCT_NAME = AlgoliaSearch;
				SDKROOT = watchos;
				SKIP_INSTALL = YES;
				TARGETED_DEVICE_FAMILY = 4;
				WATCHOS_DEPLOYMENT_TARGET = 2.0;
			};
			name = Debug;
		};
		BC23A6F21D63539B00DF9034 /* Release */ = {
			isa = XCBuildConfiguration;
			buildSettings = {
				APPLICATION_EXTENSION_API_ONLY = YES;
				CLANG_ANALYZER_NONNULL = YES;
				CLANG_ENABLE_MODULES = YES;
				"CODE_SIGN_IDENTITY[sdk=watchos*]" = "";
				COPY_PHASE_STRIP = NO;
				DEFINES_MODULE = YES;
				DYLIB_COMPATIBILITY_VERSION = 1;
				DYLIB_CURRENT_VERSION = 1;
				DYLIB_INSTALL_NAME_BASE = "@rpath";
				GCC_NO_COMMON_BLOCKS = YES;
				INFOPLIST_FILE = Source/Info.plist;
				INSTALL_PATH = "$(LOCAL_LIBRARY_DIR)/Frameworks";
				LD_RUNPATH_SEARCH_PATHS = "$(inherited) @executable_path/Frameworks @loader_path/Frameworks";
				PRODUCT_BUNDLE_IDENTIFIER = com.algolia.AlgoliaSearch;
				PRODUCT_NAME = AlgoliaSearch;
				SDKROOT = watchos;
				SKIP_INSTALL = YES;
				TARGETED_DEVICE_FAMILY = 4;
				VALIDATE_PRODUCT = YES;
				WATCHOS_DEPLOYMENT_TARGET = 2.0;
			};
			name = Release;
		};
		BC4BD2911D54E48900170ECC /* Debug */ = {
			isa = XCBuildConfiguration;
			baseConfigurationReference = 023CDD2C3787987952D42EF3 /* Pods-AlgoliaSearch-Offline-iOS.debug.xcconfig */;
			buildSettings = {
				APPLICATION_EXTENSION_API_ONLY = YES;
				CLANG_ENABLE_MODULES = YES;
				"CODE_SIGN_IDENTITY[sdk=iphoneos*]" = "";
				DEFINES_MODULE = YES;
				DYLIB_COMPATIBILITY_VERSION = 1;
				DYLIB_CURRENT_VERSION = 1;
				DYLIB_INSTALL_NAME_BASE = "@rpath";
				GCC_PREPROCESSOR_DEFINITIONS = (
					"DEBUG=1",
					"$(inherited)",
				);
				INFOPLIST_FILE = Source/Info.plist;
				INSTALL_PATH = "$(LOCAL_LIBRARY_DIR)/Frameworks";
				LD_RUNPATH_SEARCH_PATHS = "$(inherited) @executable_path/Frameworks @loader_path/Frameworks";
				PRODUCT_BUNDLE_IDENTIFIER = "com.algolia.$(PRODUCT_NAME:rfc1034identifier)";
				PRODUCT_NAME = AlgoliaSearchOffline;
				SDKROOT = iphoneos;
				SKIP_INSTALL = YES;
				TARGETED_DEVICE_FAMILY = "1,2";
			};
			name = Debug;
		};
		BC4BD2921D54E48900170ECC /* Release */ = {
			isa = XCBuildConfiguration;
			baseConfigurationReference = 56CE2ADBC0FD4C74E49C5EAB /* Pods-AlgoliaSearch-Offline-iOS.release.xcconfig */;
			buildSettings = {
				APPLICATION_EXTENSION_API_ONLY = YES;
				CLANG_ENABLE_MODULES = YES;
				"CODE_SIGN_IDENTITY[sdk=iphoneos*]" = "";
				DEFINES_MODULE = YES;
				DYLIB_COMPATIBILITY_VERSION = 1;
				DYLIB_CURRENT_VERSION = 1;
				DYLIB_INSTALL_NAME_BASE = "@rpath";
				INFOPLIST_FILE = Source/Info.plist;
				INSTALL_PATH = "$(LOCAL_LIBRARY_DIR)/Frameworks";
				LD_RUNPATH_SEARCH_PATHS = "$(inherited) @executable_path/Frameworks @loader_path/Frameworks";
				PRODUCT_BUNDLE_IDENTIFIER = "com.algolia.$(PRODUCT_NAME:rfc1034identifier)";
				PRODUCT_NAME = AlgoliaSearchOffline;
				SDKROOT = iphoneos;
				SKIP_INSTALL = YES;
				TARGETED_DEVICE_FAMILY = "1,2";
				VALIDATE_PRODUCT = YES;
			};
			name = Release;
		};
		BCD1F55B1CC61C8D0006E227 /* Debug */ = {
			isa = XCBuildConfiguration;
			buildSettings = {
				CLANG_ANALYZER_NONNULL = YES;
				CLANG_ENABLE_MODULES = YES;
				"CODE_SIGN_IDENTITY[sdk=appletvos*]" = "";
				DEBUG_INFORMATION_FORMAT = dwarf;
				DEFINES_MODULE = YES;
				DYLIB_COMPATIBILITY_VERSION = 1;
				DYLIB_CURRENT_VERSION = 1;
				DYLIB_INSTALL_NAME_BASE = "@rpath";
				GCC_NO_COMMON_BLOCKS = YES;
				INFOPLIST_FILE = "$(SRCROOT)/Source/Info.plist";
				INSTALL_PATH = "$(LOCAL_LIBRARY_DIR)/Frameworks";
				LD_RUNPATH_SEARCH_PATHS = "$(inherited) @executable_path/Frameworks @loader_path/Frameworks";
				PRODUCT_BUNDLE_IDENTIFIER = "com.algolia.$(PRODUCT_NAME:rfc1034identifier)";
				PRODUCT_NAME = AlgoliaSearch;
				SDKROOT = appletvos;
				SKIP_INSTALL = YES;
				TARGETED_DEVICE_FAMILY = 3;
				TVOS_DEPLOYMENT_TARGET = 9.0;
			};
			name = Debug;
		};
		BCD1F55C1CC61C8D0006E227 /* Release */ = {
			isa = XCBuildConfiguration;
			buildSettings = {
				CLANG_ANALYZER_NONNULL = YES;
				CLANG_ENABLE_MODULES = YES;
				"CODE_SIGN_IDENTITY[sdk=appletvos*]" = "";
				COPY_PHASE_STRIP = NO;
				DEFINES_MODULE = YES;
				DYLIB_COMPATIBILITY_VERSION = 1;
				DYLIB_CURRENT_VERSION = 1;
				DYLIB_INSTALL_NAME_BASE = "@rpath";
				GCC_NO_COMMON_BLOCKS = YES;
				INFOPLIST_FILE = "$(SRCROOT)/Source/Info.plist";
				INSTALL_PATH = "$(LOCAL_LIBRARY_DIR)/Frameworks";
				LD_RUNPATH_SEARCH_PATHS = "$(inherited) @executable_path/Frameworks @loader_path/Frameworks";
				PRODUCT_BUNDLE_IDENTIFIER = "com.algolia.$(PRODUCT_NAME:rfc1034identifier)";
				PRODUCT_NAME = AlgoliaSearch;
				SDKROOT = appletvos;
				SKIP_INSTALL = YES;
				TARGETED_DEVICE_FAMILY = 3;
				TVOS_DEPLOYMENT_TARGET = 9.0;
				VALIDATE_PRODUCT = YES;
			};
			name = Release;
		};
		BCD1F55D1CC61C8D0006E227 /* Debug */ = {
			isa = XCBuildConfiguration;
			buildSettings = {
				CLANG_ANALYZER_NONNULL = YES;
				CLANG_ENABLE_MODULES = YES;
				DEBUG_INFORMATION_FORMAT = dwarf;
				GCC_NO_COMMON_BLOCKS = YES;
				INFOPLIST_FILE = Tests/Info.plist;
				LD_RUNPATH_SEARCH_PATHS = "$(inherited) @executable_path/Frameworks @loader_path/Frameworks";
				PRODUCT_BUNDLE_IDENTIFIER = com.algolia.AlgoliaSearchTests;
				PRODUCT_NAME = "$(TARGET_NAME)";
				SDKROOT = appletvos;
				SWIFT_OBJC_BRIDGING_HEADER = "Tests/Tests-Bridging-Header.h";
				TVOS_DEPLOYMENT_TARGET = 9.2;
			};
			name = Debug;
		};
		BCD1F55E1CC61C8D0006E227 /* Release */ = {
			isa = XCBuildConfiguration;
			buildSettings = {
				CLANG_ANALYZER_NONNULL = YES;
				CLANG_ENABLE_MODULES = YES;
				COPY_PHASE_STRIP = NO;
				GCC_NO_COMMON_BLOCKS = YES;
				INFOPLIST_FILE = Tests/Info.plist;
				LD_RUNPATH_SEARCH_PATHS = "$(inherited) @executable_path/Frameworks @loader_path/Frameworks";
				PRODUCT_BUNDLE_IDENTIFIER = com.algolia.AlgoliaSearchTests;
				PRODUCT_NAME = "$(TARGET_NAME)";
				SDKROOT = appletvos;
				SWIFT_OBJC_BRIDGING_HEADER = "Tests/Tests-Bridging-Header.h";
				TVOS_DEPLOYMENT_TARGET = 9.2;
				VALIDATE_PRODUCT = YES;
			};
			name = Release;
		};
		BCD57D341D89B12E00C5DE68 /* Debug */ = {
			isa = XCBuildConfiguration;
			baseConfigurationReference = 5E6CE9BF44D9DA7D61A5AB03 /* Pods-AlgoliaSearch-Offline-iOS-Tests.debug.xcconfig */;
			buildSettings = {
				CLANG_ANALYZER_NONNULL = YES;
				CLANG_ENABLE_MODULES = YES;
				CLANG_WARN_DOCUMENTATION_COMMENTS = YES;
				CLANG_WARN_SUSPICIOUS_MOVES = YES;
				"CODE_SIGN_IDENTITY[sdk=iphoneos*]" = "iPhone Developer";
				DEBUG_INFORMATION_FORMAT = dwarf;
				DEVELOPMENT_TEAM = 5RDFJYUV23;
				INFOPLIST_FILE = Tests/Info.plist;
				LD_RUNPATH_SEARCH_PATHS = "$(inherited) @executable_path/Frameworks @loader_path/Frameworks";
				PRODUCT_BUNDLE_IDENTIFIER = com.algolia.AlgoliaSearchTests;
				PRODUCT_NAME = "$(TARGET_NAME)";
				SDKROOT = iphoneos;
				SWIFT_ACTIVE_COMPILATION_CONDITIONS = DEBUG;
				SWIFT_OBJC_BRIDGING_HEADER = "Tests/Tests-Bridging-Header.h";
				SWIFT_VERSION = 3.0;
			};
			name = Debug;
		};
		BCD57D351D89B12E00C5DE68 /* Release */ = {
			isa = XCBuildConfiguration;
			baseConfigurationReference = 338B6F8A06C1FD27C2AFCE17 /* Pods-AlgoliaSearch-Offline-iOS-Tests.release.xcconfig */;
			buildSettings = {
				CLANG_ANALYZER_NONNULL = YES;
				CLANG_ENABLE_MODULES = YES;
				CLANG_WARN_DOCUMENTATION_COMMENTS = YES;
				CLANG_WARN_SUSPICIOUS_MOVES = YES;
				"CODE_SIGN_IDENTITY[sdk=iphoneos*]" = "iPhone Developer";
				COPY_PHASE_STRIP = NO;
				DEVELOPMENT_TEAM = 5RDFJYUV23;
				INFOPLIST_FILE = Tests/Info.plist;
				LD_RUNPATH_SEARCH_PATHS = "$(inherited) @executable_path/Frameworks @loader_path/Frameworks";
				PRODUCT_BUNDLE_IDENTIFIER = com.algolia.AlgoliaSearchTests;
				PRODUCT_NAME = "$(TARGET_NAME)";
				SDKROOT = iphoneos;
				SWIFT_OBJC_BRIDGING_HEADER = "Tests/Tests-Bridging-Header.h";
				SWIFT_VERSION = 3.0;
				VALIDATE_PRODUCT = YES;
			};
			name = Release;
		};
/* End XCBuildConfiguration section */

/* Begin XCConfigurationList section */
		5D7495781A8E25A600B0263F /* Build configuration list for PBXProject "AlgoliaSearch" */ = {
			isa = XCConfigurationList;
			buildConfigurations = (
				5D7495921A8E25A600B0263F /* Debug */,
				5D7495931A8E25A600B0263F /* Release */,
			);
			defaultConfigurationIsVisible = 0;
			defaultConfigurationName = Release;
		};
		5D7495941A8E25A600B0263F /* Build configuration list for PBXNativeTarget "AlgoliaSearch OSX" */ = {
			isa = XCConfigurationList;
			buildConfigurations = (
				5D7495951A8E25A600B0263F /* Debug */,
				5D7495961A8E25A600B0263F /* Release */,
			);
			defaultConfigurationIsVisible = 0;
			defaultConfigurationName = Release;
		};
		5D7495971A8E25A600B0263F /* Build configuration list for PBXNativeTarget "AlgoliaSearch OSX Tests" */ = {
			isa = XCConfigurationList;
			buildConfigurations = (
				5D7495981A8E25A600B0263F /* Debug */,
				5D7495991A8E25A600B0263F /* Release */,
			);
			defaultConfigurationIsVisible = 0;
			defaultConfigurationName = Release;
		};
		5DB251501AAD9EE400945339 /* Build configuration list for PBXNativeTarget "AlgoliaSearch iOS" */ = {
			isa = XCConfigurationList;
			buildConfigurations = (
				5DB251511AAD9EE400945339 /* Debug */,
				5DB251521AAD9EE400945339 /* Release */,
			);
			defaultConfigurationIsVisible = 0;
			defaultConfigurationName = Release;
		};
		5DB251531AAD9EE400945339 /* Build configuration list for PBXNativeTarget "AlgoliaSearch iOS Tests" */ = {
			isa = XCConfigurationList;
			buildConfigurations = (
				5DB251541AAD9EE400945339 /* Debug */,
				5DB251551AAD9EE400945339 /* Release */,
			);
			defaultConfigurationIsVisible = 0;
			defaultConfigurationName = Release;
		};
		BC23A6F31D63539B00DF9034 /* Build configuration list for PBXNativeTarget "AlgoliaSearch watchOS" */ = {
			isa = XCConfigurationList;
			buildConfigurations = (
				BC23A6F11D63539B00DF9034 /* Debug */,
				BC23A6F21D63539B00DF9034 /* Release */,
			);
			defaultConfigurationIsVisible = 0;
			defaultConfigurationName = Release;
		};
		BC4BD2901D54E48900170ECC /* Build configuration list for PBXNativeTarget "AlgoliaSearch-Offline-iOS" */ = {
			isa = XCConfigurationList;
			buildConfigurations = (
				BC4BD2911D54E48900170ECC /* Debug */,
				BC4BD2921D54E48900170ECC /* Release */,
			);
			defaultConfigurationIsVisible = 0;
			defaultConfigurationName = Release;
		};
		BCD1F55F1CC61C8D0006E227 /* Build configuration list for PBXNativeTarget "AlgoliaSearch tvOS" */ = {
			isa = XCConfigurationList;
			buildConfigurations = (
				BCD1F55B1CC61C8D0006E227 /* Debug */,
				BCD1F55C1CC61C8D0006E227 /* Release */,
			);
			defaultConfigurationIsVisible = 0;
			defaultConfigurationName = Release;
		};
		BCD1F5601CC61C8D0006E227 /* Build configuration list for PBXNativeTarget "AlgoliaSearch tvOS Tests" */ = {
			isa = XCConfigurationList;
			buildConfigurations = (
				BCD1F55D1CC61C8D0006E227 /* Debug */,
				BCD1F55E1CC61C8D0006E227 /* Release */,
			);
			defaultConfigurationIsVisible = 0;
			defaultConfigurationName = Release;
		};
		BCD57D361D89B12E00C5DE68 /* Build configuration list for PBXNativeTarget "AlgoliaSearch-Offline-iOS-Tests" */ = {
			isa = XCConfigurationList;
			buildConfigurations = (
				BCD57D341D89B12E00C5DE68 /* Debug */,
				BCD57D351D89B12E00C5DE68 /* Release */,
			);
			defaultConfigurationIsVisible = 0;
			defaultConfigurationName = Release;
		};
/* End XCConfigurationList section */
	};
	rootObject = 5D7495751A8E25A600B0263F /* Project object */;
}
